// !$*UTF8*$!
{
	archiveVersion = 1;
	classes = {
	};
	objectVersion = 56;
	objects = {

/* Begin PBXBuildFile section */
		F811293F2C417B8800F71C03 /* MoyaHeader.swift in Sources */ = {isa = PBXBuildFile; fileRef = F811293E2C417B8800F71C03 /* MoyaHeader.swift */; };
		F81129432C417EF800F71C03 /* NotionDatabase.swift in Sources */ = {isa = PBXBuildFile; fileRef = F81129422C417EF800F71C03 /* NotionDatabase.swift */; };
		F81129452C4183DD00F71C03 /* DeploymentStatus.swift in Sources */ = {isa = PBXBuildFile; fileRef = F81129442C4183DD00F71C03 /* DeploymentStatus.swift */; };
		F81129482C41960B00F71C03 /* RequestManager.swift in Sources */ = {isa = PBXBuildFile; fileRef = F81129472C41960B00F71C03 /* RequestManager.swift */; };
		F811294F2C41A68C00F71C03 /* Serializable.swift in Sources */ = {isa = PBXBuildFile; fileRef = F81129492C41A16700F71C03 /* Serializable.swift */; };
		F81129502C41A68D00F71C03 /* Serializable.swift in Sources */ = {isa = PBXBuildFile; fileRef = F81129492C41A16700F71C03 /* Serializable.swift */; };
		F81129522C41A74600F71C03 /* Ext+DateFormatter.swift in Sources */ = {isa = PBXBuildFile; fileRef = F81129512C41A74600F71C03 /* Ext+DateFormatter.swift */; };
		F81129532C41A74600F71C03 /* Ext+DateFormatter.swift in Sources */ = {isa = PBXBuildFile; fileRef = F81129512C41A74600F71C03 /* Ext+DateFormatter.swift */; };
		F81129552C41A80B00F71C03 /* Ext+Calendar.swift in Sources */ = {isa = PBXBuildFile; fileRef = F81129542C41A80B00F71C03 /* Ext+Calendar.swift */; };
		F81129562C41A80B00F71C03 /* Ext+Calendar.swift in Sources */ = {isa = PBXBuildFile; fileRef = F81129542C41A80B00F71C03 /* Ext+Calendar.swift */; };
		F811295A2C429F9B00F71C03 /* Campus.swift in Sources */ = {isa = PBXBuildFile; fileRef = F81129592C429F9B00F71C03 /* Campus.swift */; };
		F811295C2C429FA800F71C03 /* Week.swift in Sources */ = {isa = PBXBuildFile; fileRef = F811295B2C429FA800F71C03 /* Week.swift */; };
		F811295E2C429FBE00F71C03 /* Category.swift in Sources */ = {isa = PBXBuildFile; fileRef = F811295D2C429FBE00F71C03 /* Category.swift */; };
		F811295F2C429FC900F71C03 /* Campus.swift in Sources */ = {isa = PBXBuildFile; fileRef = F81129592C429F9B00F71C03 /* Campus.swift */; };
		F81129602C429FCB00F71C03 /* Week.swift in Sources */ = {isa = PBXBuildFile; fileRef = F811295B2C429FA800F71C03 /* Week.swift */; };
		F81129612C429FCD00F71C03 /* Category.swift in Sources */ = {isa = PBXBuildFile; fileRef = F811295D2C429FBE00F71C03 /* Category.swift */; };
		F81129662C429FEE00F71C03 /* QueryType.swift in Sources */ = {isa = PBXBuildFile; fileRef = F81129652C429FEE00F71C03 /* QueryType.swift */; };
		F81129672C429FF000F71C03 /* QueryType.swift in Sources */ = {isa = PBXBuildFile; fileRef = F81129652C429FEE00F71C03 /* QueryType.swift */; };
		F811297B2C42A07700F71C03 /* FilterByCampusRequest.swift in Sources */ = {isa = PBXBuildFile; fileRef = F811297A2C42A07700F71C03 /* FilterByCampusRequest.swift */; };
		F811297C2C42A07700F71C03 /* FilterByCampusRequest.swift in Sources */ = {isa = PBXBuildFile; fileRef = F811297A2C42A07700F71C03 /* FilterByCampusRequest.swift */; };
		F81129802C42E29B00F71C03 /* NotionResponse.swift in Sources */ = {isa = PBXBuildFile; fileRef = F811297F2C42E29B00F71C03 /* NotionResponse.swift */; };
		F81129812C42E29B00F71C03 /* NotionResponse.swift in Sources */ = {isa = PBXBuildFile; fileRef = F811297F2C42E29B00F71C03 /* NotionResponse.swift */; };
		F81129832C43C86200F71C03 /* Properties.swift in Sources */ = {isa = PBXBuildFile; fileRef = F81129822C43C86200F71C03 /* Properties.swift */; };
		F81129842C43C86200F71C03 /* Properties.swift in Sources */ = {isa = PBXBuildFile; fileRef = F81129822C43C86200F71C03 /* Properties.swift */; };
		F820CB8E2C6D2A62008694EC /* API.swift in Sources */ = {isa = PBXBuildFile; fileRef = F88F35FE2B45E64700BEA743 /* API.swift */; };
		F820CB8F2C6D2A86008694EC /* RequestManager.swift in Sources */ = {isa = PBXBuildFile; fileRef = F81129472C41960B00F71C03 /* RequestManager.swift */; };
		F820CB902C6D2A99008694EC /* DeploymentStatus.swift in Sources */ = {isa = PBXBuildFile; fileRef = F81129442C4183DD00F71C03 /* DeploymentStatus.swift */; };
		F820CB912C6D2B45008694EC /* NotionDatabase.swift in Sources */ = {isa = PBXBuildFile; fileRef = F81129422C417EF800F71C03 /* NotionDatabase.swift */; };
		F820CB922C6D2B57008694EC /* MoyaHeader.swift in Sources */ = {isa = PBXBuildFile; fileRef = F811293E2C417B8800F71C03 /* MoyaHeader.swift */; };
		F820CB972C6F685C008694EC /* MenuView.swift in Sources */ = {isa = PBXBuildFile; fileRef = F820CB962C6F685C008694EC /* MenuView.swift */; };
		F820CB992C6F6D0D008694EC /* TextComponent.swift in Sources */ = {isa = PBXBuildFile; fileRef = F820CB982C6F6D0D008694EC /* TextComponent.swift */; };
		F820CB9B2C6F9491008694EC /* CircleComponent.swift in Sources */ = {isa = PBXBuildFile; fileRef = F820CB9A2C6F9491008694EC /* CircleComponent.swift */; };
		F820CB9D2C6F991F008694EC /* ImageComponent.swift in Sources */ = {isa = PBXBuildFile; fileRef = F820CB9C2C6F991F008694EC /* ImageComponent.swift */; };
		F820CB9F2C6F9B43008694EC /* RectangleComponent.swift in Sources */ = {isa = PBXBuildFile; fileRef = F820CB9E2C6F9B43008694EC /* RectangleComponent.swift */; };
		F820CBA12C6FA2E7008694EC /* HeaderView.swift in Sources */ = {isa = PBXBuildFile; fileRef = F820CBA02C6FA2E7008694EC /* HeaderView.swift */; };
		F820CBA32C6FA393008694EC /* CampusView.swift in Sources */ = {isa = PBXBuildFile; fileRef = F820CBA22C6FA393008694EC /* CampusView.swift */; };
		F8334D372BE4C749000B85E9 /* WidgetKit.framework in Frameworks */ = {isa = PBXBuildFile; fileRef = F8334D362BE4C749000B85E9 /* WidgetKit.framework */; };
		F8334D392BE4C749000B85E9 /* SwiftUI.framework in Frameworks */ = {isa = PBXBuildFile; fileRef = F8334D382BE4C749000B85E9 /* SwiftUI.framework */; };
		F8334D442BE4C74A000B85E9 /* PpuDaeSikWidgetExtension.appex in Embed Foundation Extensions */ = {isa = PBXBuildFile; fileRef = F8334D342BE4C749000B85E9 /* PpuDaeSikWidgetExtension.appex */; settings = {ATTRIBUTES = (RemoveHeadersOnCopy, ); }; };
		F8334D602BE4C934000B85E9 /* CombineMoya in Frameworks */ = {isa = PBXBuildFile; productRef = F8334D5F2BE4C934000B85E9 /* CombineMoya */; };
		F8334D622BE4C934000B85E9 /* Moya in Frameworks */ = {isa = PBXBuildFile; productRef = F8334D612BE4C934000B85E9 /* Moya */; };
		F8334D642BE4C934000B85E9 /* ReactiveMoya in Frameworks */ = {isa = PBXBuildFile; productRef = F8334D632BE4C934000B85E9 /* ReactiveMoya */; };
		F8334D662BE4C934000B85E9 /* RxMoya in Frameworks */ = {isa = PBXBuildFile; productRef = F8334D652BE4C934000B85E9 /* RxMoya */; };
		F8334D672BE4C968000B85E9 /* Ext+Provider.swift in Sources */ = {isa = PBXBuildFile; fileRef = F8334D552BE4C7E9000B85E9 /* Ext+Provider.swift */; };
		F8334D6B2BE4C968000B85E9 /* PpuDaeSikWidget.swift in Sources */ = {isa = PBXBuildFile; fileRef = F8334D5A2BE4C7E9000B85E9 /* PpuDaeSikWidget.swift */; };
		F8334D6C2BE4C968000B85E9 /* PpuDaeSikWidgetBundle.swift in Sources */ = {isa = PBXBuildFile; fileRef = F8334D5B2BE4C7E9000B85E9 /* PpuDaeSikWidgetBundle.swift */; };
		F8334D6D2BE4C968000B85E9 /* WidgetAPI.swift in Sources */ = {isa = PBXBuildFile; fileRef = F8334D5C2BE4C7E9000B85E9 /* WidgetAPI.swift */; };
		F8334D6F2BE4C9B1000B85E9 /* Assets.xcassets in Resources */ = {isa = PBXBuildFile; fileRef = F8334D582BE4C7E9000B85E9 /* Assets.xcassets */; };
		F8334D882BE4E85C000B85E9 /* PpuDaeSikWidget.intentdefinition in Sources */ = {isa = PBXBuildFile; fileRef = F8334D872BE4E85C000B85E9 /* PpuDaeSikWidget.intentdefinition */; };
		F8334D9C2BE5EF88000B85E9 /* Pretendard-Regular.otf in Resources */ = {isa = PBXBuildFile; fileRef = F88F35EE2B44033400BEA743 /* Pretendard-Regular.otf */; };
		F8334D9D2BE5EF8D000B85E9 /* Ext+Color.swift in Sources */ = {isa = PBXBuildFile; fileRef = F88F35EA2B43FFBE00BEA743 /* Ext+Color.swift */; };
		F8334D9F2BE5F033000B85E9 /* Ext+Font.swift in Sources */ = {isa = PBXBuildFile; fileRef = F88F35EC2B4400CA00BEA743 /* Ext+Font.swift */; };
		F874F2842C6B7AC20025F1FE /* Cafeteria.swift in Sources */ = {isa = PBXBuildFile; fileRef = F874F2832C6B7AC20025F1FE /* Cafeteria.swift */; };
		F874F2852C6BC9620025F1FE /* Cafeteria.swift in Sources */ = {isa = PBXBuildFile; fileRef = F874F2832C6B7AC20025F1FE /* Cafeteria.swift */; };
		F874F2872C6CBA580025F1FE /* CafeteriaResponse.swift in Sources */ = {isa = PBXBuildFile; fileRef = F874F2862C6CBA580025F1FE /* CafeteriaResponse.swift */; };
		F874F2882C6CBA580025F1FE /* CafeteriaResponse.swift in Sources */ = {isa = PBXBuildFile; fileRef = F874F2862C6CBA580025F1FE /* CafeteriaResponse.swift */; };
		F88F35D62B43FC6500BEA743 /* PpuDaeSikApp.swift in Sources */ = {isa = PBXBuildFile; fileRef = F88F35D52B43FC6500BEA743 /* PpuDaeSikApp.swift */; };
		F88F35DA2B43FC6600BEA743 /* Assets.xcassets in Resources */ = {isa = PBXBuildFile; fileRef = F88F35D92B43FC6600BEA743 /* Assets.xcassets */; };
		F88F35DD2B43FC6600BEA743 /* Preview Assets.xcassets in Resources */ = {isa = PBXBuildFile; fileRef = F88F35DC2B43FC6600BEA743 /* Preview Assets.xcassets */; };
		F88F35E92B43FDF300BEA743 /* Ext+UIScreen.swift in Sources */ = {isa = PBXBuildFile; fileRef = F88F35E82B43FDF300BEA743 /* Ext+UIScreen.swift */; };
		F88F35EB2B43FFBE00BEA743 /* Ext+Color.swift in Sources */ = {isa = PBXBuildFile; fileRef = F88F35EA2B43FFBE00BEA743 /* Ext+Color.swift */; };
		F88F35EF2B44033400BEA743 /* Pretendard-Regular.otf in Resources */ = {isa = PBXBuildFile; fileRef = F88F35EE2B44033400BEA743 /* Pretendard-Regular.otf */; };
		F88F35F42B4434BE00BEA743 /* MainView.swift in Sources */ = {isa = PBXBuildFile; fileRef = F88F35F32B4434BE00BEA743 /* MainView.swift */; };
		F88F35F72B459D3A00BEA743 /* CombineMoya in Frameworks */ = {isa = PBXBuildFile; productRef = F88F35F62B459D3A00BEA743 /* CombineMoya */; };
		F88F35F92B459D3A00BEA743 /* Moya in Frameworks */ = {isa = PBXBuildFile; productRef = F88F35F82B459D3A00BEA743 /* Moya */; };
		F88F35FB2B459D3A00BEA743 /* ReactiveMoya in Frameworks */ = {isa = PBXBuildFile; productRef = F88F35FA2B459D3A00BEA743 /* ReactiveMoya */; };
		F88F35FD2B459D3A00BEA743 /* RxMoya in Frameworks */ = {isa = PBXBuildFile; productRef = F88F35FC2B459D3A00BEA743 /* RxMoya */; };
		F88F35FF2B45E64700BEA743 /* API.swift in Sources */ = {isa = PBXBuildFile; fileRef = F88F35FE2B45E64700BEA743 /* API.swift */; };
		F88F36012B45E96300BEA743 /* MainViewModel.swift in Sources */ = {isa = PBXBuildFile; fileRef = F88F36002B45E96300BEA743 /* MainViewModel.swift */; };
		F8ABD22F2B4DA9E90038195F /* Sheet.swift in Sources */ = {isa = PBXBuildFile; fileRef = F8ABD22E2B4DA9E90038195F /* Sheet.swift */; };
/* End PBXBuildFile section */

/* Begin PBXContainerItemProxy section */
		F8334D422BE4C74A000B85E9 /* PBXContainerItemProxy */ = {
			isa = PBXContainerItemProxy;
			containerPortal = F88F35CA2B43FC6500BEA743 /* Project object */;
			proxyType = 1;
			remoteGlobalIDString = F8334D332BE4C749000B85E9;
			remoteInfo = PpuDaeSikWidgetExtension;
		};
/* End PBXContainerItemProxy section */

/* Begin PBXCopyFilesBuildPhase section */
		F8334D452BE4C74A000B85E9 /* Embed Foundation Extensions */ = {
			isa = PBXCopyFilesBuildPhase;
			buildActionMask = 2147483647;
			dstPath = "";
			dstSubfolderSpec = 13;
			files = (
				F8334D442BE4C74A000B85E9 /* PpuDaeSikWidgetExtension.appex in Embed Foundation Extensions */,
			);
			name = "Embed Foundation Extensions";
			runOnlyForDeploymentPostprocessing = 0;
		};
		F8334D852BE4E322000B85E9 /* Embed ExtensionKit Extensions */ = {
			isa = PBXCopyFilesBuildPhase;
			buildActionMask = 2147483647;
			dstPath = "$(EXTENSIONS_FOLDER_PATH)";
			dstSubfolderSpec = 16;
			files = (
			);
			name = "Embed ExtensionKit Extensions";
			runOnlyForDeploymentPostprocessing = 0;
		};
/* End PBXCopyFilesBuildPhase section */

/* Begin PBXFileReference section */
		F811293E2C417B8800F71C03 /* MoyaHeader.swift */ = {isa = PBXFileReference; lastKnownFileType = sourcecode.swift; path = MoyaHeader.swift; sourceTree = "<group>"; };
		F81129422C417EF800F71C03 /* NotionDatabase.swift */ = {isa = PBXFileReference; lastKnownFileType = sourcecode.swift; path = NotionDatabase.swift; sourceTree = "<group>"; };
		F81129442C4183DD00F71C03 /* DeploymentStatus.swift */ = {isa = PBXFileReference; lastKnownFileType = sourcecode.swift; path = DeploymentStatus.swift; sourceTree = "<group>"; };
		F81129472C41960B00F71C03 /* RequestManager.swift */ = {isa = PBXFileReference; lastKnownFileType = sourcecode.swift; path = RequestManager.swift; sourceTree = "<group>"; };
		F81129492C41A16700F71C03 /* Serializable.swift */ = {isa = PBXFileReference; lastKnownFileType = sourcecode.swift; path = Serializable.swift; sourceTree = "<group>"; };
		F81129512C41A74600F71C03 /* Ext+DateFormatter.swift */ = {isa = PBXFileReference; lastKnownFileType = sourcecode.swift; path = "Ext+DateFormatter.swift"; sourceTree = "<group>"; };
		F81129542C41A80B00F71C03 /* Ext+Calendar.swift */ = {isa = PBXFileReference; lastKnownFileType = sourcecode.swift; path = "Ext+Calendar.swift"; sourceTree = "<group>"; };
		F81129592C429F9B00F71C03 /* Campus.swift */ = {isa = PBXFileReference; lastKnownFileType = sourcecode.swift; path = Campus.swift; sourceTree = "<group>"; };
		F811295B2C429FA800F71C03 /* Week.swift */ = {isa = PBXFileReference; lastKnownFileType = sourcecode.swift; path = Week.swift; sourceTree = "<group>"; };
		F811295D2C429FBE00F71C03 /* Category.swift */ = {isa = PBXFileReference; lastKnownFileType = sourcecode.swift; path = Category.swift; sourceTree = "<group>"; };
		F81129652C429FEE00F71C03 /* QueryType.swift */ = {isa = PBXFileReference; lastKnownFileType = sourcecode.swift; path = QueryType.swift; sourceTree = "<group>"; };
		F811297A2C42A07700F71C03 /* FilterByCampusRequest.swift */ = {isa = PBXFileReference; lastKnownFileType = sourcecode.swift; path = FilterByCampusRequest.swift; sourceTree = "<group>"; };
		F811297F2C42E29B00F71C03 /* NotionResponse.swift */ = {isa = PBXFileReference; lastKnownFileType = sourcecode.swift; path = NotionResponse.swift; sourceTree = "<group>"; };
		F81129822C43C86200F71C03 /* Properties.swift */ = {isa = PBXFileReference; lastKnownFileType = sourcecode.swift; path = Properties.swift; sourceTree = "<group>"; };
		F820CB962C6F685C008694EC /* MenuView.swift */ = {isa = PBXFileReference; lastKnownFileType = sourcecode.swift; path = MenuView.swift; sourceTree = "<group>"; };
		F820CB982C6F6D0D008694EC /* TextComponent.swift */ = {isa = PBXFileReference; lastKnownFileType = sourcecode.swift; path = TextComponent.swift; sourceTree = "<group>"; };
		F820CB9A2C6F9491008694EC /* CircleComponent.swift */ = {isa = PBXFileReference; lastKnownFileType = sourcecode.swift; path = CircleComponent.swift; sourceTree = "<group>"; };
		F820CB9C2C6F991F008694EC /* ImageComponent.swift */ = {isa = PBXFileReference; lastKnownFileType = sourcecode.swift; path = ImageComponent.swift; sourceTree = "<group>"; };
		F820CB9E2C6F9B43008694EC /* RectangleComponent.swift */ = {isa = PBXFileReference; lastKnownFileType = sourcecode.swift; path = RectangleComponent.swift; sourceTree = "<group>"; };
		F820CBA02C6FA2E7008694EC /* HeaderView.swift */ = {isa = PBXFileReference; lastKnownFileType = sourcecode.swift; path = HeaderView.swift; sourceTree = "<group>"; };
		F820CBA22C6FA393008694EC /* CampusView.swift */ = {isa = PBXFileReference; lastKnownFileType = sourcecode.swift; path = CampusView.swift; sourceTree = "<group>"; };
		F8334D342BE4C749000B85E9 /* PpuDaeSikWidgetExtension.appex */ = {isa = PBXFileReference; explicitFileType = "wrapper.app-extension"; includeInIndex = 0; path = PpuDaeSikWidgetExtension.appex; sourceTree = BUILT_PRODUCTS_DIR; };
		F8334D362BE4C749000B85E9 /* WidgetKit.framework */ = {isa = PBXFileReference; lastKnownFileType = wrapper.framework; name = WidgetKit.framework; path = System/Library/Frameworks/WidgetKit.framework; sourceTree = SDKROOT; };
		F8334D382BE4C749000B85E9 /* SwiftUI.framework */ = {isa = PBXFileReference; lastKnownFileType = wrapper.framework; name = SwiftUI.framework; path = System/Library/Frameworks/SwiftUI.framework; sourceTree = SDKROOT; };
		F8334D552BE4C7E9000B85E9 /* Ext+Provider.swift */ = {isa = PBXFileReference; lastKnownFileType = sourcecode.swift; path = "Ext+Provider.swift"; sourceTree = "<group>"; };
		F8334D582BE4C7E9000B85E9 /* Assets.xcassets */ = {isa = PBXFileReference; lastKnownFileType = folder.assetcatalog; path = Assets.xcassets; sourceTree = "<group>"; };
		F8334D592BE4C7E9000B85E9 /* Info.plist */ = {isa = PBXFileReference; lastKnownFileType = text.plist.xml; path = Info.plist; sourceTree = "<group>"; };
		F8334D5A2BE4C7E9000B85E9 /* PpuDaeSikWidget.swift */ = {isa = PBXFileReference; lastKnownFileType = sourcecode.swift; path = PpuDaeSikWidget.swift; sourceTree = "<group>"; };
		F8334D5B2BE4C7E9000B85E9 /* PpuDaeSikWidgetBundle.swift */ = {isa = PBXFileReference; lastKnownFileType = sourcecode.swift; path = PpuDaeSikWidgetBundle.swift; sourceTree = "<group>"; };
		F8334D5C2BE4C7E9000B85E9 /* WidgetAPI.swift */ = {isa = PBXFileReference; lastKnownFileType = sourcecode.swift; path = WidgetAPI.swift; sourceTree = "<group>"; };
		F8334D872BE4E85C000B85E9 /* PpuDaeSikWidget.intentdefinition */ = {isa = PBXFileReference; lastKnownFileType = file.intentdefinition; path = PpuDaeSikWidget.intentdefinition; sourceTree = "<group>"; };
		F8334D8E2BE4F4BD000B85E9 /* Intents.framework */ = {isa = PBXFileReference; lastKnownFileType = wrapper.framework; name = Intents.framework; path = System/Library/Frameworks/Intents.framework; sourceTree = SDKROOT; };
		F874F2832C6B7AC20025F1FE /* Cafeteria.swift */ = {isa = PBXFileReference; lastKnownFileType = sourcecode.swift; path = Cafeteria.swift; sourceTree = "<group>"; };
		F874F2862C6CBA580025F1FE /* CafeteriaResponse.swift */ = {isa = PBXFileReference; lastKnownFileType = sourcecode.swift; path = CafeteriaResponse.swift; sourceTree = "<group>"; };
		F88F35D22B43FC6500BEA743 /* PpuDaeSik.app */ = {isa = PBXFileReference; explicitFileType = wrapper.application; includeInIndex = 0; path = PpuDaeSik.app; sourceTree = BUILT_PRODUCTS_DIR; };
		F88F35D52B43FC6500BEA743 /* PpuDaeSikApp.swift */ = {isa = PBXFileReference; lastKnownFileType = sourcecode.swift; path = PpuDaeSikApp.swift; sourceTree = "<group>"; };
		F88F35D92B43FC6600BEA743 /* Assets.xcassets */ = {isa = PBXFileReference; lastKnownFileType = folder.assetcatalog; path = Assets.xcassets; sourceTree = "<group>"; };
		F88F35DC2B43FC6600BEA743 /* Preview Assets.xcassets */ = {isa = PBXFileReference; lastKnownFileType = folder.assetcatalog; path = "Preview Assets.xcassets"; sourceTree = "<group>"; };
		F88F35E82B43FDF300BEA743 /* Ext+UIScreen.swift */ = {isa = PBXFileReference; lastKnownFileType = sourcecode.swift; path = "Ext+UIScreen.swift"; sourceTree = "<group>"; };
		F88F35EA2B43FFBE00BEA743 /* Ext+Color.swift */ = {isa = PBXFileReference; lastKnownFileType = sourcecode.swift; path = "Ext+Color.swift"; sourceTree = "<group>"; };
		F88F35EC2B4400CA00BEA743 /* Ext+Font.swift */ = {isa = PBXFileReference; lastKnownFileType = sourcecode.swift; path = "Ext+Font.swift"; sourceTree = "<group>"; };
		F88F35EE2B44033400BEA743 /* Pretendard-Regular.otf */ = {isa = PBXFileReference; lastKnownFileType = file; path = "Pretendard-Regular.otf"; sourceTree = "<group>"; };
		F88F35F02B44056400BEA743 /* Info.plist */ = {isa = PBXFileReference; lastKnownFileType = text.plist.xml; path = Info.plist; sourceTree = "<group>"; };
		F88F35F32B4434BE00BEA743 /* MainView.swift */ = {isa = PBXFileReference; lastKnownFileType = sourcecode.swift; path = MainView.swift; sourceTree = "<group>"; };
		F88F35FE2B45E64700BEA743 /* API.swift */ = {isa = PBXFileReference; lastKnownFileType = sourcecode.swift; path = API.swift; sourceTree = "<group>"; };
		F88F36002B45E96300BEA743 /* MainViewModel.swift */ = {isa = PBXFileReference; lastKnownFileType = sourcecode.swift; path = MainViewModel.swift; sourceTree = "<group>"; };
		F8ABD22E2B4DA9E90038195F /* Sheet.swift */ = {isa = PBXFileReference; lastKnownFileType = sourcecode.swift; path = Sheet.swift; sourceTree = "<group>"; };
/* End PBXFileReference section */

/* Begin PBXFrameworksBuildPhase section */
		F8334D312BE4C749000B85E9 /* Frameworks */ = {
			isa = PBXFrameworksBuildPhase;
			buildActionMask = 2147483647;
			files = (
				F8334D662BE4C934000B85E9 /* RxMoya in Frameworks */,
				F8334D392BE4C749000B85E9 /* SwiftUI.framework in Frameworks */,
				F8334D372BE4C749000B85E9 /* WidgetKit.framework in Frameworks */,
				F8334D622BE4C934000B85E9 /* Moya in Frameworks */,
				F8334D642BE4C934000B85E9 /* ReactiveMoya in Frameworks */,
				F8334D602BE4C934000B85E9 /* CombineMoya in Frameworks */,
			);
			runOnlyForDeploymentPostprocessing = 0;
		};
		F88F35CF2B43FC6500BEA743 /* Frameworks */ = {
			isa = PBXFrameworksBuildPhase;
			buildActionMask = 2147483647;
			files = (
				F88F35F92B459D3A00BEA743 /* Moya in Frameworks */,
				F88F35F72B459D3A00BEA743 /* CombineMoya in Frameworks */,
				F88F35FD2B459D3A00BEA743 /* RxMoya in Frameworks */,
				F88F35FB2B459D3A00BEA743 /* ReactiveMoya in Frameworks */,
			);
			runOnlyForDeploymentPostprocessing = 0;
		};
/* End PBXFrameworksBuildPhase section */

/* Begin PBXGroup section */
		F811293D2C417B5100F71C03 /* Header */ = {
			isa = PBXGroup;
			children = (
				F811293E2C417B8800F71C03 /* MoyaHeader.swift */,
			);
			path = Header;
			sourceTree = "<group>";
		};
		F81129412C417EE300F71C03 /* Database */ = {
			isa = PBXGroup;
			children = (
				F81129422C417EF800F71C03 /* NotionDatabase.swift */,
				F81129442C4183DD00F71C03 /* DeploymentStatus.swift */,
			);
			path = Database;
			sourceTree = "<group>";
		};
		F81129462C4195BC00F71C03 /* Request */ = {
			isa = PBXGroup;
			children = (
				F81129472C41960B00F71C03 /* RequestManager.swift */,
			);
			path = Request;
			sourceTree = "<group>";
		};
		F811294B2C41A17F00F71C03 /* Protocol */ = {
			isa = PBXGroup;
			children = (
				F81129492C41A16700F71C03 /* Serializable.swift */,
				F81129822C43C86200F71C03 /* Properties.swift */,
			);
			path = Protocol;
			sourceTree = "<group>";
		};
		F81129582C429F8C00F71C03 /* Model */ = {
			isa = PBXGroup;
			children = (
				F81129592C429F9B00F71C03 /* Campus.swift */,
				F811295B2C429FA800F71C03 /* Week.swift */,
				F811295D2C429FBE00F71C03 /* Category.swift */,
				F811297F2C42E29B00F71C03 /* NotionResponse.swift */,
				F81129652C429FEE00F71C03 /* QueryType.swift */,
				F811297A2C42A07700F71C03 /* FilterByCampusRequest.swift */,
				F874F2832C6B7AC20025F1FE /* Cafeteria.swift */,
				F874F2862C6CBA580025F1FE /* CafeteriaResponse.swift */,
			);
			path = Model;
			sourceTree = "<group>";
		};
		F820CB952C6F6848008694EC /* View */ = {
			isa = PBXGroup;
			children = (
				F820CBA02C6FA2E7008694EC /* HeaderView.swift */,
				F820CBA22C6FA393008694EC /* CampusView.swift */,
				F820CB962C6F685C008694EC /* MenuView.swift */,
				F820CB982C6F6D0D008694EC /* TextComponent.swift */,
				F820CB9A2C6F9491008694EC /* CircleComponent.swift */,
				F820CB9C2C6F991F008694EC /* ImageComponent.swift */,
				F820CB9E2C6F9B43008694EC /* RectangleComponent.swift */,
			);
			path = View;
			sourceTree = "<group>";
		};
		F8334D352BE4C749000B85E9 /* Frameworks */ = {
			isa = PBXGroup;
			children = (
				F8334D362BE4C749000B85E9 /* WidgetKit.framework */,
				F8334D382BE4C749000B85E9 /* SwiftUI.framework */,
				F8334D8E2BE4F4BD000B85E9 /* Intents.framework */,
			);
			name = Frameworks;
			sourceTree = "<group>";
		};
		F8334D562BE4C7E9000B85E9 /* Ext */ = {
			isa = PBXGroup;
			children = (
				F8334D552BE4C7E9000B85E9 /* Ext+Provider.swift */,
			);
			path = Ext;
			sourceTree = "<group>";
		};
		F8334D5E2BE4C7E9000B85E9 /* PpuDaeSikWidget */ = {
			isa = PBXGroup;
			children = (
				F8334D562BE4C7E9000B85E9 /* Ext */,
				F8334D582BE4C7E9000B85E9 /* Assets.xcassets */,
				F8334D592BE4C7E9000B85E9 /* Info.plist */,
				F8334D5A2BE4C7E9000B85E9 /* PpuDaeSikWidget.swift */,
				F8334D872BE4E85C000B85E9 /* PpuDaeSikWidget.intentdefinition */,
				F8334D5B2BE4C7E9000B85E9 /* PpuDaeSikWidgetBundle.swift */,
				F8334D5C2BE4C7E9000B85E9 /* WidgetAPI.swift */,
			);
			path = PpuDaeSikWidget;
			sourceTree = "<group>";
		};
		F88F35C92B43FC6500BEA743 = {
			isa = PBXGroup;
			children = (
				F88F35D42B43FC6500BEA743 /* PpuDaeSik */,
				F8334D5E2BE4C7E9000B85E9 /* PpuDaeSikWidget */,
				F8334D352BE4C749000B85E9 /* Frameworks */,
				F88F35D32B43FC6500BEA743 /* Products */,
			);
			sourceTree = "<group>";
		};
		F88F35D32B43FC6500BEA743 /* Products */ = {
			isa = PBXGroup;
			children = (
				F88F35D22B43FC6500BEA743 /* PpuDaeSik.app */,
				F8334D342BE4C749000B85E9 /* PpuDaeSikWidgetExtension.appex */,
			);
			name = Products;
			sourceTree = "<group>";
		};
		F88F35D42B43FC6500BEA743 /* PpuDaeSik */ = {
			isa = PBXGroup;
			children = (
				F88F35F02B44056400BEA743 /* Info.plist */,
				F88F35D92B43FC6600BEA743 /* Assets.xcassets */,
				F88F35D52B43FC6500BEA743 /* PpuDaeSikApp.swift */,
				F88F35F32B4434BE00BEA743 /* MainView.swift */,
				F8ABD22E2B4DA9E90038195F /* Sheet.swift */,
				F88F36002B45E96300BEA743 /* MainViewModel.swift */,
				F88F35FE2B45E64700BEA743 /* API.swift */,
				F820CB952C6F6848008694EC /* View */,
				F81129582C429F8C00F71C03 /* Model */,
				F811294B2C41A17F00F71C03 /* Protocol */,
				F81129462C4195BC00F71C03 /* Request */,
				F81129412C417EE300F71C03 /* Database */,
				F811293D2C417B5100F71C03 /* Header */,
				F88F35F22B4433D800BEA743 /* Resource */,
				F88F35F12B44337700BEA743 /* Ext */,
				F88F35DB2B43FC6600BEA743 /* Preview Content */,
			);
			path = PpuDaeSik;
			sourceTree = "<group>";
		};
		F88F35DB2B43FC6600BEA743 /* Preview Content */ = {
			isa = PBXGroup;
			children = (
				F88F35DC2B43FC6600BEA743 /* Preview Assets.xcassets */,
			);
			path = "Preview Content";
			sourceTree = "<group>";
		};
		F88F35F12B44337700BEA743 /* Ext */ = {
			isa = PBXGroup;
			children = (
				F88F35EA2B43FFBE00BEA743 /* Ext+Color.swift */,
				F88F35EC2B4400CA00BEA743 /* Ext+Font.swift */,
				F88F35E82B43FDF300BEA743 /* Ext+UIScreen.swift */,
				F81129512C41A74600F71C03 /* Ext+DateFormatter.swift */,
				F81129542C41A80B00F71C03 /* Ext+Calendar.swift */,
			);
			path = Ext;
			sourceTree = "<group>";
		};
		F88F35F22B4433D800BEA743 /* Resource */ = {
			isa = PBXGroup;
			children = (
				F88F35EE2B44033400BEA743 /* Pretendard-Regular.otf */,
			);
			path = Resource;
			sourceTree = "<group>";
		};
/* End PBXGroup section */

/* Begin PBXNativeTarget section */
		F8334D332BE4C749000B85E9 /* PpuDaeSikWidgetExtension */ = {
			isa = PBXNativeTarget;
			buildConfigurationList = F8334D482BE4C74A000B85E9 /* Build configuration list for PBXNativeTarget "PpuDaeSikWidgetExtension" */;
			buildPhases = (
				F8334D302BE4C749000B85E9 /* Sources */,
				F8334D312BE4C749000B85E9 /* Frameworks */,
				F8334D322BE4C749000B85E9 /* Resources */,
			);
			buildRules = (
			);
			dependencies = (
			);
			name = PpuDaeSikWidgetExtension;
			packageProductDependencies = (
				F8334D5F2BE4C934000B85E9 /* CombineMoya */,
				F8334D612BE4C934000B85E9 /* Moya */,
				F8334D632BE4C934000B85E9 /* ReactiveMoya */,
				F8334D652BE4C934000B85E9 /* RxMoya */,
			);
			productName = PpuDaeSikWidgetExtension;
			productReference = F8334D342BE4C749000B85E9 /* PpuDaeSikWidgetExtension.appex */;
			productType = "com.apple.product-type.app-extension";
		};
		F88F35D12B43FC6500BEA743 /* PpuDaeSik */ = {
			isa = PBXNativeTarget;
			buildConfigurationList = F88F35E52B43FC6600BEA743 /* Build configuration list for PBXNativeTarget "PpuDaeSik" */;
			buildPhases = (
				F88F35CE2B43FC6500BEA743 /* Sources */,
				F88F35CF2B43FC6500BEA743 /* Frameworks */,
				F88F35D02B43FC6500BEA743 /* Resources */,
				F8334D452BE4C74A000B85E9 /* Embed Foundation Extensions */,
				F8334D852BE4E322000B85E9 /* Embed ExtensionKit Extensions */,
			);
			buildRules = (
			);
			dependencies = (
				F8334D432BE4C74A000B85E9 /* PBXTargetDependency */,
			);
			name = PpuDaeSik;
			packageProductDependencies = (
				F88F35F62B459D3A00BEA743 /* CombineMoya */,
				F88F35F82B459D3A00BEA743 /* Moya */,
				F88F35FA2B459D3A00BEA743 /* ReactiveMoya */,
				F88F35FC2B459D3A00BEA743 /* RxMoya */,
			);
			productName = PpuDaeSik;
			productReference = F88F35D22B43FC6500BEA743 /* PpuDaeSik.app */;
			productType = "com.apple.product-type.application";
		};
/* End PBXNativeTarget section */

/* Begin PBXProject section */
		F88F35CA2B43FC6500BEA743 /* Project object */ = {
			isa = PBXProject;
			attributes = {
				BuildIndependentTargetsInParallel = 1;
				LastSwiftUpdateCheck = 1530;
				LastUpgradeCheck = 1510;
				TargetAttributes = {
					F8334D332BE4C749000B85E9 = {
						CreatedOnToolsVersion = 15.3;
					};
					F88F35D12B43FC6500BEA743 = {
						CreatedOnToolsVersion = 15.1;
					};
				};
			};
			buildConfigurationList = F88F35CD2B43FC6500BEA743 /* Build configuration list for PBXProject "PpuDaeSik" */;
			compatibilityVersion = "Xcode 14.0";
			developmentRegion = ko;
			hasScannedForEncodings = 0;
			knownRegions = (
				en,
				Base,
				ko,
			);
			mainGroup = F88F35C92B43FC6500BEA743;
			packageReferences = (
				F88F35F52B459D3A00BEA743 /* XCRemoteSwiftPackageReference "moya" */,
			);
			productRefGroup = F88F35D32B43FC6500BEA743 /* Products */;
			projectDirPath = "";
			projectRoot = "";
			targets = (
				F88F35D12B43FC6500BEA743 /* PpuDaeSik */,
				F8334D332BE4C749000B85E9 /* PpuDaeSikWidgetExtension */,
			);
		};
/* End PBXProject section */

/* Begin PBXResourcesBuildPhase section */
		F8334D322BE4C749000B85E9 /* Resources */ = {
			isa = PBXResourcesBuildPhase;
			buildActionMask = 2147483647;
			files = (
				F8334D6F2BE4C9B1000B85E9 /* Assets.xcassets in Resources */,
				F8334D9C2BE5EF88000B85E9 /* Pretendard-Regular.otf in Resources */,
			);
			runOnlyForDeploymentPostprocessing = 0;
		};
		F88F35D02B43FC6500BEA743 /* Resources */ = {
			isa = PBXResourcesBuildPhase;
			buildActionMask = 2147483647;
			files = (
				F88F35DD2B43FC6600BEA743 /* Preview Assets.xcassets in Resources */,
				F88F35EF2B44033400BEA743 /* Pretendard-Regular.otf in Resources */,
				F88F35DA2B43FC6600BEA743 /* Assets.xcassets in Resources */,
			);
			runOnlyForDeploymentPostprocessing = 0;
		};
/* End PBXResourcesBuildPhase section */

/* Begin PBXSourcesBuildPhase section */
		F8334D302BE4C749000B85E9 /* Sources */ = {
			isa = PBXSourcesBuildPhase;
			buildActionMask = 2147483647;
			files = (
				F81129842C43C86200F71C03 /* Properties.swift in Sources */,
				F81129532C41A74600F71C03 /* Ext+DateFormatter.swift in Sources */,
				F81129672C429FF000F71C03 /* QueryType.swift in Sources */,
				F81129562C41A80B00F71C03 /* Ext+Calendar.swift in Sources */,
				F820CB8E2C6D2A62008694EC /* API.swift in Sources */,
				F8334D672BE4C968000B85E9 /* Ext+Provider.swift in Sources */,
				F820CB912C6D2B45008694EC /* NotionDatabase.swift in Sources */,
				F820CB8F2C6D2A86008694EC /* RequestManager.swift in Sources */,
				F81129812C42E29B00F71C03 /* NotionResponse.swift in Sources */,
				F811294F2C41A68C00F71C03 /* Serializable.swift in Sources */,
				F8334D6B2BE4C968000B85E9 /* PpuDaeSikWidget.swift in Sources */,
				F81129602C429FCB00F71C03 /* Week.swift in Sources */,
				F8334D6C2BE4C968000B85E9 /* PpuDaeSikWidgetBundle.swift in Sources */,
				F811295F2C429FC900F71C03 /* Campus.swift in Sources */,
				F811297C2C42A07700F71C03 /* FilterByCampusRequest.swift in Sources */,
				F8334D9D2BE5EF8D000B85E9 /* Ext+Color.swift in Sources */,
				F820CB922C6D2B57008694EC /* MoyaHeader.swift in Sources */,
				F820CB902C6D2A99008694EC /* DeploymentStatus.swift in Sources */,
				F8334D6D2BE4C968000B85E9 /* WidgetAPI.swift in Sources */,
				F8334D882BE4E85C000B85E9 /* PpuDaeSikWidget.intentdefinition in Sources */,
				F874F2882C6CBA580025F1FE /* CafeteriaResponse.swift in Sources */,
				F874F2852C6BC9620025F1FE /* Cafeteria.swift in Sources */,
				F81129612C429FCD00F71C03 /* Category.swift in Sources */,
			);
			runOnlyForDeploymentPostprocessing = 0;
		};
		F88F35CE2B43FC6500BEA743 /* Sources */ = {
			isa = PBXSourcesBuildPhase;
			buildActionMask = 2147483647;
			files = (
				F81129522C41A74600F71C03 /* Ext+DateFormatter.swift in Sources */,
				F81129802C42E29B00F71C03 /* NotionResponse.swift in Sources */,
				F811297B2C42A07700F71C03 /* FilterByCampusRequest.swift in Sources */,
				F81129502C41A68D00F71C03 /* Serializable.swift in Sources */,
				F811295E2C429FBE00F71C03 /* Category.swift in Sources */,
				F88F35F42B4434BE00BEA743 /* MainView.swift in Sources */,
				F874F2872C6CBA580025F1FE /* CafeteriaResponse.swift in Sources */,
				F820CB9B2C6F9491008694EC /* CircleComponent.swift in Sources */,
				F81129662C429FEE00F71C03 /* QueryType.swift in Sources */,
				F81129482C41960B00F71C03 /* RequestManager.swift in Sources */,
				F8ABD22F2B4DA9E90038195F /* Sheet.swift in Sources */,
				F820CB972C6F685C008694EC /* MenuView.swift in Sources */,
				F81129832C43C86200F71C03 /* Properties.swift in Sources */,
				F874F2842C6B7AC20025F1FE /* Cafeteria.swift in Sources */,
				F820CBA32C6FA393008694EC /* CampusView.swift in Sources */,
				F811295C2C429FA800F71C03 /* Week.swift in Sources */,
				F820CB992C6F6D0D008694EC /* TextComponent.swift in Sources */,
				F88F35E92B43FDF300BEA743 /* Ext+UIScreen.swift in Sources */,
				F811293F2C417B8800F71C03 /* MoyaHeader.swift in Sources */,
				F811295A2C429F9B00F71C03 /* Campus.swift in Sources */,
				F88F35EB2B43FFBE00BEA743 /* Ext+Color.swift in Sources */,
				F8334D9F2BE5F033000B85E9 /* Ext+Font.swift in Sources */,
				F81129452C4183DD00F71C03 /* DeploymentStatus.swift in Sources */,
				F820CB9F2C6F9B43008694EC /* RectangleComponent.swift in Sources */,
				F88F36012B45E96300BEA743 /* MainViewModel.swift in Sources */,
				F88F35FF2B45E64700BEA743 /* API.swift in Sources */,
				F820CBA12C6FA2E7008694EC /* HeaderView.swift in Sources */,
				F88F35D62B43FC6500BEA743 /* PpuDaeSikApp.swift in Sources */,
				F820CB9D2C6F991F008694EC /* ImageComponent.swift in Sources */,
				F81129432C417EF800F71C03 /* NotionDatabase.swift in Sources */,
				F81129552C41A80B00F71C03 /* Ext+Calendar.swift in Sources */,
			);
			runOnlyForDeploymentPostprocessing = 0;
		};
/* End PBXSourcesBuildPhase section */

/* Begin PBXTargetDependency section */
		F8334D432BE4C74A000B85E9 /* PBXTargetDependency */ = {
			isa = PBXTargetDependency;
			target = F8334D332BE4C749000B85E9 /* PpuDaeSikWidgetExtension */;
			targetProxy = F8334D422BE4C74A000B85E9 /* PBXContainerItemProxy */;
		};
/* End PBXTargetDependency section */

/* Begin XCBuildConfiguration section */
		F8334D462BE4C74A000B85E9 /* Debug */ = {
			isa = XCBuildConfiguration;
			buildSettings = {
				ASSETCATALOG_COMPILER_GLOBAL_ACCENT_COLOR_NAME = AccentColor;
				ASSETCATALOG_COMPILER_WIDGET_BACKGROUND_COLOR_NAME = WidgetBackground;
				CODE_SIGN_STYLE = Automatic;
				CURRENT_PROJECT_VERSION = 1;
				DEVELOPMENT_TEAM = VA3J8597P8;
				GENERATE_INFOPLIST_FILE = YES;
				INFOPLIST_FILE = PpuDaeSikWidget/Info.plist;
				INFOPLIST_KEY_CFBundleDisplayName = PpuDaeSikWidget;
				INFOPLIST_KEY_NSHumanReadableCopyright = "";
				IPHONEOS_DEPLOYMENT_TARGET = 17.0;
				LD_RUNPATH_SEARCH_PATHS = (
					"$(inherited)",
					"@executable_path/Frameworks",
					"@executable_path/../../Frameworks",
				);
				MARKETING_VERSION = 1.5;
				PRODUCT_BUNDLE_IDENTIFIER = com.moro.PpuDaeSik.PpuDaeSikWidget;
				PRODUCT_NAME = "$(TARGET_NAME)";
				SKIP_INSTALL = YES;
				SWIFT_EMIT_LOC_STRINGS = YES;
				SWIFT_VERSION = 5.0;
				TARGETED_DEVICE_FAMILY = "1,2";
			};
			name = Debug;
		};
		F8334D472BE4C74A000B85E9 /* Release */ = {
			isa = XCBuildConfiguration;
			buildSettings = {
				ASSETCATALOG_COMPILER_GLOBAL_ACCENT_COLOR_NAME = AccentColor;
				ASSETCATALOG_COMPILER_WIDGET_BACKGROUND_COLOR_NAME = WidgetBackground;
				CODE_SIGN_STYLE = Automatic;
				CURRENT_PROJECT_VERSION = 1;
				DEVELOPMENT_TEAM = VA3J8597P8;
				GENERATE_INFOPLIST_FILE = YES;
				INFOPLIST_FILE = PpuDaeSikWidget/Info.plist;
				INFOPLIST_KEY_CFBundleDisplayName = PpuDaeSikWidget;
				INFOPLIST_KEY_NSHumanReadableCopyright = "";
				IPHONEOS_DEPLOYMENT_TARGET = 17.0;
				LD_RUNPATH_SEARCH_PATHS = (
					"$(inherited)",
					"@executable_path/Frameworks",
					"@executable_path/../../Frameworks",
				);
				MARKETING_VERSION = 1.5;
				PRODUCT_BUNDLE_IDENTIFIER = com.moro.PpuDaeSik.PpuDaeSikWidget;
				PRODUCT_NAME = "$(TARGET_NAME)";
				SKIP_INSTALL = YES;
				SWIFT_EMIT_LOC_STRINGS = YES;
				SWIFT_VERSION = 5.0;
				TARGETED_DEVICE_FAMILY = "1,2";
			};
			name = Release;
		};
		F88F35E32B43FC6600BEA743 /* Debug */ = {
			isa = XCBuildConfiguration;
			buildSettings = {
				ALWAYS_SEARCH_USER_PATHS = NO;
				ASSETCATALOG_COMPILER_GENERATE_SWIFT_ASSET_SYMBOL_EXTENSIONS = YES;
				CLANG_ANALYZER_NONNULL = YES;
				CLANG_ANALYZER_NUMBER_OBJECT_CONVERSION = YES_AGGRESSIVE;
				CLANG_CXX_LANGUAGE_STANDARD = "gnu++20";
				CLANG_ENABLE_MODULES = YES;
				CLANG_ENABLE_OBJC_ARC = YES;
				CLANG_ENABLE_OBJC_WEAK = YES;
				CLANG_WARN_BLOCK_CAPTURE_AUTORELEASING = YES;
				CLANG_WARN_BOOL_CONVERSION = YES;
				CLANG_WARN_COMMA = YES;
				CLANG_WARN_CONSTANT_CONVERSION = YES;
				CLANG_WARN_DEPRECATED_OBJC_IMPLEMENTATIONS = YES;
				CLANG_WARN_DIRECT_OBJC_ISA_USAGE = YES_ERROR;
				CLANG_WARN_DOCUMENTATION_COMMENTS = YES;
				CLANG_WARN_EMPTY_BODY = YES;
				CLANG_WARN_ENUM_CONVERSION = YES;
				CLANG_WARN_INFINITE_RECURSION = YES;
				CLANG_WARN_INT_CONVERSION = YES;
				CLANG_WARN_NON_LITERAL_NULL_CONVERSION = YES;
				CLANG_WARN_OBJC_IMPLICIT_RETAIN_SELF = YES;
				CLANG_WARN_OBJC_LITERAL_CONVERSION = YES;
				CLANG_WARN_OBJC_ROOT_CLASS = YES_ERROR;
				CLANG_WARN_QUOTED_INCLUDE_IN_FRAMEWORK_HEADER = YES;
				CLANG_WARN_RANGE_LOOP_ANALYSIS = YES;
				CLANG_WARN_STRICT_PROTOTYPES = YES;
				CLANG_WARN_SUSPICIOUS_MOVE = YES;
				CLANG_WARN_UNGUARDED_AVAILABILITY = YES_AGGRESSIVE;
				CLANG_WARN_UNREACHABLE_CODE = YES;
				CLANG_WARN__DUPLICATE_METHOD_MATCH = YES;
				COPY_PHASE_STRIP = NO;
				DEBUG_INFORMATION_FORMAT = dwarf;
				ENABLE_STRICT_OBJC_MSGSEND = YES;
				ENABLE_TESTABILITY = YES;
				ENABLE_USER_SCRIPT_SANDBOXING = YES;
				GCC_C_LANGUAGE_STANDARD = gnu17;
				GCC_DYNAMIC_NO_PIC = NO;
				GCC_NO_COMMON_BLOCKS = YES;
				GCC_OPTIMIZATION_LEVEL = 0;
				GCC_PREPROCESSOR_DEFINITIONS = (
					"DEBUG=1",
					"$(inherited)",
				);
				GCC_WARN_64_TO_32_BIT_CONVERSION = YES;
				GCC_WARN_ABOUT_RETURN_TYPE = YES_ERROR;
				GCC_WARN_UNDECLARED_SELECTOR = YES;
				GCC_WARN_UNINITIALIZED_AUTOS = YES_AGGRESSIVE;
				GCC_WARN_UNUSED_FUNCTION = YES;
				GCC_WARN_UNUSED_VARIABLE = YES;
				IPHONEOS_DEPLOYMENT_TARGET = 17.2;
				LOCALIZATION_PREFERS_STRING_CATALOGS = YES;
				MTL_ENABLE_DEBUG_INFO = INCLUDE_SOURCE;
				MTL_FAST_MATH = YES;
				ONLY_ACTIVE_ARCH = YES;
				SDKROOT = iphoneos;
				SWIFT_ACTIVE_COMPILATION_CONDITIONS = "DEBUG $(inherited)";
				SWIFT_OPTIMIZATION_LEVEL = "-Onone";
			};
			name = Debug;
		};
		F88F35E42B43FC6600BEA743 /* Release */ = {
			isa = XCBuildConfiguration;
			buildSettings = {
				ALWAYS_SEARCH_USER_PATHS = NO;
				ASSETCATALOG_COMPILER_GENERATE_SWIFT_ASSET_SYMBOL_EXTENSIONS = YES;
				CLANG_ANALYZER_NONNULL = YES;
				CLANG_ANALYZER_NUMBER_OBJECT_CONVERSION = YES_AGGRESSIVE;
				CLANG_CXX_LANGUAGE_STANDARD = "gnu++20";
				CLANG_ENABLE_MODULES = YES;
				CLANG_ENABLE_OBJC_ARC = YES;
				CLANG_ENABLE_OBJC_WEAK = YES;
				CLANG_WARN_BLOCK_CAPTURE_AUTORELEASING = YES;
				CLANG_WARN_BOOL_CONVERSION = YES;
				CLANG_WARN_COMMA = YES;
				CLANG_WARN_CONSTANT_CONVERSION = YES;
				CLANG_WARN_DEPRECATED_OBJC_IMPLEMENTATIONS = YES;
				CLANG_WARN_DIRECT_OBJC_ISA_USAGE = YES_ERROR;
				CLANG_WARN_DOCUMENTATION_COMMENTS = YES;
				CLANG_WARN_EMPTY_BODY = YES;
				CLANG_WARN_ENUM_CONVERSION = YES;
				CLANG_WARN_INFINITE_RECURSION = YES;
				CLANG_WARN_INT_CONVERSION = YES;
				CLANG_WARN_NON_LITERAL_NULL_CONVERSION = YES;
				CLANG_WARN_OBJC_IMPLICIT_RETAIN_SELF = YES;
				CLANG_WARN_OBJC_LITERAL_CONVERSION = YES;
				CLANG_WARN_OBJC_ROOT_CLASS = YES_ERROR;
				CLANG_WARN_QUOTED_INCLUDE_IN_FRAMEWORK_HEADER = YES;
				CLANG_WARN_RANGE_LOOP_ANALYSIS = YES;
				CLANG_WARN_STRICT_PROTOTYPES = YES;
				CLANG_WARN_SUSPICIOUS_MOVE = YES;
				CLANG_WARN_UNGUARDED_AVAILABILITY = YES_AGGRESSIVE;
				CLANG_WARN_UNREACHABLE_CODE = YES;
				CLANG_WARN__DUPLICATE_METHOD_MATCH = YES;
				COPY_PHASE_STRIP = NO;
				DEBUG_INFORMATION_FORMAT = "dwarf-with-dsym";
				ENABLE_NS_ASSERTIONS = NO;
				ENABLE_STRICT_OBJC_MSGSEND = YES;
				ENABLE_USER_SCRIPT_SANDBOXING = YES;
				GCC_C_LANGUAGE_STANDARD = gnu17;
				GCC_NO_COMMON_BLOCKS = YES;
				GCC_WARN_64_TO_32_BIT_CONVERSION = YES;
				GCC_WARN_ABOUT_RETURN_TYPE = YES_ERROR;
				GCC_WARN_UNDECLARED_SELECTOR = YES;
				GCC_WARN_UNINITIALIZED_AUTOS = YES_AGGRESSIVE;
				GCC_WARN_UNUSED_FUNCTION = YES;
				GCC_WARN_UNUSED_VARIABLE = YES;
				IPHONEOS_DEPLOYMENT_TARGET = 17.2;
				LOCALIZATION_PREFERS_STRING_CATALOGS = YES;
				MTL_ENABLE_DEBUG_INFO = NO;
				MTL_FAST_MATH = YES;
				SDKROOT = iphoneos;
				SWIFT_COMPILATION_MODE = wholemodule;
				VALIDATE_PRODUCT = YES;
			};
			name = Release;
		};
		F88F35E62B43FC6600BEA743 /* Debug */ = {
			isa = XCBuildConfiguration;
			buildSettings = {
				ALWAYS_EMBED_SWIFT_STANDARD_LIBRARIES = YES;
				ASSETCATALOG_COMPILER_APPICON_NAME = AppIcon;
				ASSETCATALOG_COMPILER_GLOBAL_ACCENT_COLOR_NAME = AccentColor;
				CODE_SIGN_STYLE = Automatic;
				CURRENT_PROJECT_VERSION = 1;
				DEVELOPMENT_ASSET_PATHS = "\"PpuDaeSik/Preview Content\"";
				DEVELOPMENT_TEAM = VA3J8597P8;
				ENABLE_PREVIEWS = YES;
				GENERATE_INFOPLIST_FILE = YES;
				INFOPLIST_FILE = PpuDaeSik/Info.plist;
				INFOPLIST_KEY_CFBundleDisplayName = "뿌대식";
				INFOPLIST_KEY_LSApplicationCategoryType = "public.app-category.food-and-drink";
				INFOPLIST_KEY_UIApplicationSceneManifest_Generation = YES;
				INFOPLIST_KEY_UIApplicationSupportsIndirectInputEvents = YES;
				INFOPLIST_KEY_UILaunchScreen_Generation = YES;
				INFOPLIST_KEY_UISupportedInterfaceOrientations = UIInterfaceOrientationPortrait;
				IPHONEOS_DEPLOYMENT_TARGET = 17.0;
				LD_RUNPATH_SEARCH_PATHS = (
					"$(inherited)",
					"@executable_path/Frameworks",
				);
				MARKETING_VERSION = 1.5;
				PRODUCT_BUNDLE_IDENTIFIER = com.moro.PpuDaeSik;
				PRODUCT_NAME = "$(TARGET_NAME)";
				SUPPORTED_PLATFORMS = "iphoneos iphonesimulator";
				SUPPORTS_MACCATALYST = NO;
				SUPPORTS_MAC_DESIGNED_FOR_IPHONE_IPAD = NO;
				SWIFT_EMIT_LOC_STRINGS = YES;
				SWIFT_VERSION = 5.0;
				TARGETED_DEVICE_FAMILY = 1;
			};
			name = Debug;
		};
		F88F35E72B43FC6600BEA743 /* Release */ = {
			isa = XCBuildConfiguration;
			buildSettings = {
				ALWAYS_EMBED_SWIFT_STANDARD_LIBRARIES = YES;
				ASSETCATALOG_COMPILER_APPICON_NAME = AppIcon;
				ASSETCATALOG_COMPILER_GLOBAL_ACCENT_COLOR_NAME = AccentColor;
				CODE_SIGN_STYLE = Automatic;
				CURRENT_PROJECT_VERSION = 1;
				DEVELOPMENT_ASSET_PATHS = "\"PpuDaeSik/Preview Content\"";
				DEVELOPMENT_TEAM = VA3J8597P8;
				ENABLE_PREVIEWS = YES;
				GENERATE_INFOPLIST_FILE = YES;
				INFOPLIST_FILE = PpuDaeSik/Info.plist;
				INFOPLIST_KEY_CFBundleDisplayName = "뿌대식";
				INFOPLIST_KEY_LSApplicationCategoryType = "public.app-category.food-and-drink";
				INFOPLIST_KEY_UIApplicationSceneManifest_Generation = YES;
				INFOPLIST_KEY_UIApplicationSupportsIndirectInputEvents = YES;
				INFOPLIST_KEY_UILaunchScreen_Generation = YES;
				INFOPLIST_KEY_UISupportedInterfaceOrientations = UIInterfaceOrientationPortrait;
				IPHONEOS_DEPLOYMENT_TARGET = 17.0;
				LD_RUNPATH_SEARCH_PATHS = (
					"$(inherited)",
					"@executable_path/Frameworks",
				);
				MARKETING_VERSION = 1.5;
				PRODUCT_BUNDLE_IDENTIFIER = com.moro.PpuDaeSik;
				PRODUCT_NAME = "$(TARGET_NAME)";
				SUPPORTED_PLATFORMS = "iphoneos iphonesimulator";
				SUPPORTS_MACCATALYST = NO;
				SUPPORTS_MAC_DESIGNED_FOR_IPHONE_IPAD = NO;
				SWIFT_EMIT_LOC_STRINGS = YES;
				SWIFT_VERSION = 5.0;
				TARGETED_DEVICE_FAMILY = 1;
			};
			name = Release;
		};
/* End XCBuildConfiguration section */

/* Begin XCConfigurationList section */
		F8334D482BE4C74A000B85E9 /* Build configuration list for PBXNativeTarget "PpuDaeSikWidgetExtension" */ = {
			isa = XCConfigurationList;
			buildConfigurations = (
				F8334D462BE4C74A000B85E9 /* Debug */,
				F8334D472BE4C74A000B85E9 /* Release */,
			);
			defaultConfigurationIsVisible = 0;
			defaultConfigurationName = Release;
		};
		F88F35CD2B43FC6500BEA743 /* Build configuration list for PBXProject "PpuDaeSik" */ = {
			isa = XCConfigurationList;
			buildConfigurations = (
				F88F35E32B43FC6600BEA743 /* Debug */,
				F88F35E42B43FC6600BEA743 /* Release */,
			);
			defaultConfigurationIsVisible = 0;
			defaultConfigurationName = Release;
		};
		F88F35E52B43FC6600BEA743 /* Build configuration list for PBXNativeTarget "PpuDaeSik" */ = {
			isa = XCConfigurationList;
			buildConfigurations = (
				F88F35E62B43FC6600BEA743 /* Debug */,
				F88F35E72B43FC6600BEA743 /* Release */,
			);
			defaultConfigurationIsVisible = 0;
			defaultConfigurationName = Release;
		};
/* End XCConfigurationList section */

/* Begin XCRemoteSwiftPackageReference section */
		F88F35F52B459D3A00BEA743 /* XCRemoteSwiftPackageReference "moya" */ = {
			isa = XCRemoteSwiftPackageReference;
			repositoryURL = "http://github.com/Moya/moya.git";
			requirement = {
				kind = upToNextMajorVersion;
				minimumVersion = 15.0.3;
			};
		};
/* End XCRemoteSwiftPackageReference section */

/* Begin XCSwiftPackageProductDependency section */
		F8334D5F2BE4C934000B85E9 /* CombineMoya */ = {
			isa = XCSwiftPackageProductDependency;
			package = F88F35F52B459D3A00BEA743 /* XCRemoteSwiftPackageReference "moya" */;
			productName = CombineMoya;
		};
		F8334D612BE4C934000B85E9 /* Moya */ = {
			isa = XCSwiftPackageProductDependency;
			package = F88F35F52B459D3A00BEA743 /* XCRemoteSwiftPackageReference "moya" */;
			productName = Moya;
		};
		F8334D632BE4C934000B85E9 /* ReactiveMoya */ = {
			isa = XCSwiftPackageProductDependency;
			package = F88F35F52B459D3A00BEA743 /* XCRemoteSwiftPackageReference "moya" */;
			productName = ReactiveMoya;
		};
		F8334D652BE4C934000B85E9 /* RxMoya */ = {
			isa = XCSwiftPackageProductDependency;
			package = F88F35F52B459D3A00BEA743 /* XCRemoteSwiftPackageReference "moya" */;
			productName = RxMoya;
		};
		F88F35F62B459D3A00BEA743 /* CombineMoya */ = {
			isa = XCSwiftPackageProductDependency;
			package = F88F35F52B459D3A00BEA743 /* XCRemoteSwiftPackageReference "moya" */;
			productName = CombineMoya;
		};
		F88F35F82B459D3A00BEA743 /* Moya */ = {
			isa = XCSwiftPackageProductDependency;
			package = F88F35F52B459D3A00BEA743 /* XCRemoteSwiftPackageReference "moya" */;
			productName = Moya;
		};
		F88F35FA2B459D3A00BEA743 /* ReactiveMoya */ = {
			isa = XCSwiftPackageProductDependency;
			package = F88F35F52B459D3A00BEA743 /* XCRemoteSwiftPackageReference "moya" */;
			productName = ReactiveMoya;
		};
		F88F35FC2B459D3A00BEA743 /* RxMoya */ = {
			isa = XCSwiftPackageProductDependency;
			package = F88F35F52B459D3A00BEA743 /* XCRemoteSwiftPackageReference "moya" */;
			productName = RxMoya;
		};
/* End XCSwiftPackageProductDependency section */
	};
	rootObject = F88F35CA2B43FC6500BEA743 /* Project object */;
}
