// !$*UTF8*$!
{
	archiveVersion = 1;
	classes = {
	};
	objectVersion = 56;
	objects = {

/* Begin PBXBuildFile section */
		F88F35D62B43FC6500BEA743 /* PpuDaeSikApp.swift in Sources */ = {isa = PBXBuildFile; fileRef = F88F35D52B43FC6500BEA743 /* PpuDaeSikApp.swift */; };
		F88F35D82B43FC6500BEA743 /* ContentView.swift in Sources */ = {isa = PBXBuildFile; fileRef = F88F35D72B43FC6500BEA743 /* ContentView.swift */; };
		F88F35DA2B43FC6600BEA743 /* Assets.xcassets in Resources */ = {isa = PBXBuildFile; fileRef = F88F35D92B43FC6600BEA743 /* Assets.xcassets */; };
		F88F35DD2B43FC6600BEA743 /* Preview Assets.xcassets in Resources */ = {isa = PBXBuildFile; fileRef = F88F35DC2B43FC6600BEA743 /* Preview Assets.xcassets */; };
		F88F35DF2B43FC6600BEA743 /* Persistence.swift in Sources */ = {isa = PBXBuildFile; fileRef = F88F35DE2B43FC6600BEA743 /* Persistence.swift */; };
		F88F35E22B43FC6600BEA743 /* PpuDaeSik.xcdatamodeld in Sources */ = {isa = PBXBuildFile; fileRef = F88F35E02B43FC6600BEA743 /* PpuDaeSik.xcdatamodeld */; };
		F88F35E92B43FDF300BEA743 /* Ext+UIScreen.swift in Sources */ = {isa = PBXBuildFile; fileRef = F88F35E82B43FDF300BEA743 /* Ext+UIScreen.swift */; };
		F88F35EB2B43FFBE00BEA743 /* Ext+Color.swift in Sources */ = {isa = PBXBuildFile; fileRef = F88F35EA2B43FFBE00BEA743 /* Ext+Color.swift */; };
		F88F35ED2B4400CA00BEA743 /* Ext+Font.swift in Sources */ = {isa = PBXBuildFile; fileRef = F88F35EC2B4400CA00BEA743 /* Ext+Font.swift */; };
		F88F35EF2B44033400BEA743 /* Pretendard-Regular.otf in Resources */ = {isa = PBXBuildFile; fileRef = F88F35EE2B44033400BEA743 /* Pretendard-Regular.otf */; };
		F88F35F42B4434BE00BEA743 /* MainView.swift in Sources */ = {isa = PBXBuildFile; fileRef = F88F35F32B4434BE00BEA743 /* MainView.swift */; };
		F88F35F72B459D3A00BEA743 /* CombineMoya in Frameworks */ = {isa = PBXBuildFile; productRef = F88F35F62B459D3A00BEA743 /* CombineMoya */; };
		F88F35F92B459D3A00BEA743 /* Moya in Frameworks */ = {isa = PBXBuildFile; productRef = F88F35F82B459D3A00BEA743 /* Moya */; };
		F88F35FB2B459D3A00BEA743 /* ReactiveMoya in Frameworks */ = {isa = PBXBuildFile; productRef = F88F35FA2B459D3A00BEA743 /* ReactiveMoya */; };
		F88F35FD2B459D3A00BEA743 /* RxMoya in Frameworks */ = {isa = PBXBuildFile; productRef = F88F35FC2B459D3A00BEA743 /* RxMoya */; };
		F88F35FF2B45E64700BEA743 /* API.swift in Sources */ = {isa = PBXBuildFile; fileRef = F88F35FE2B45E64700BEA743 /* API.swift */; };
		F88F36012B45E96300BEA743 /* MainViewModel.swift in Sources */ = {isa = PBXBuildFile; fileRef = F88F36002B45E96300BEA743 /* MainViewModel.swift */; };
/* End PBXBuildFile section */

/* Begin PBXFileReference section */
		F88F35D22B43FC6500BEA743 /* PpuDaeSik.app */ = {isa = PBXFileReference; explicitFileType = wrapper.application; includeInIndex = 0; path = PpuDaeSik.app; sourceTree = BUILT_PRODUCTS_DIR; };
		F88F35D52B43FC6500BEA743 /* PpuDaeSikApp.swift */ = {isa = PBXFileReference; lastKnownFileType = sourcecode.swift; path = PpuDaeSikApp.swift; sourceTree = "<group>"; };
		F88F35D72B43FC6500BEA743 /* ContentView.swift */ = {isa = PBXFileReference; lastKnownFileType = sourcecode.swift; path = ContentView.swift; sourceTree = "<group>"; };
		F88F35D92B43FC6600BEA743 /* Assets.xcassets */ = {isa = PBXFileReference; lastKnownFileType = folder.assetcatalog; path = Assets.xcassets; sourceTree = "<group>"; };
		F88F35DC2B43FC6600BEA743 /* Preview Assets.xcassets */ = {isa = PBXFileReference; lastKnownFileType = folder.assetcatalog; path = "Preview Assets.xcassets"; sourceTree = "<group>"; };
		F88F35DE2B43FC6600BEA743 /* Persistence.swift */ = {isa = PBXFileReference; lastKnownFileType = sourcecode.swift; path = Persistence.swift; sourceTree = "<group>"; };
		F88F35E12B43FC6600BEA743 /* PpuDaeSik.xcdatamodel */ = {isa = PBXFileReference; lastKnownFileType = wrapper.xcdatamodel; path = PpuDaeSik.xcdatamodel; sourceTree = "<group>"; };
		F88F35E82B43FDF300BEA743 /* Ext+UIScreen.swift */ = {isa = PBXFileReference; lastKnownFileType = sourcecode.swift; path = "Ext+UIScreen.swift"; sourceTree = "<group>"; };
		F88F35EA2B43FFBE00BEA743 /* Ext+Color.swift */ = {isa = PBXFileReference; lastKnownFileType = sourcecode.swift; path = "Ext+Color.swift"; sourceTree = "<group>"; };
		F88F35EC2B4400CA00BEA743 /* Ext+Font.swift */ = {isa = PBXFileReference; lastKnownFileType = sourcecode.swift; path = "Ext+Font.swift"; sourceTree = "<group>"; };
		F88F35EE2B44033400BEA743 /* Pretendard-Regular.otf */ = {isa = PBXFileReference; lastKnownFileType = file; path = "Pretendard-Regular.otf"; sourceTree = "<group>"; };
		F88F35F02B44056400BEA743 /* Info.plist */ = {isa = PBXFileReference; lastKnownFileType = text.plist.xml; path = Info.plist; sourceTree = "<group>"; };
		F88F35F32B4434BE00BEA743 /* MainView.swift */ = {isa = PBXFileReference; lastKnownFileType = sourcecode.swift; path = MainView.swift; sourceTree = "<group>"; };
		F88F35FE2B45E64700BEA743 /* API.swift */ = {isa = PBXFileReference; lastKnownFileType = sourcecode.swift; path = API.swift; sourceTree = "<group>"; };
		F88F36002B45E96300BEA743 /* MainViewModel.swift */ = {isa = PBXFileReference; lastKnownFileType = sourcecode.swift; path = MainViewModel.swift; sourceTree = "<group>"; };
/* End PBXFileReference section */

/* Begin PBXFrameworksBuildPhase section */
		F88F35CF2B43FC6500BEA743 /* Frameworks */ = {
			isa = PBXFrameworksBuildPhase;
			buildActionMask = 2147483647;
			files = (
				F88F35F92B459D3A00BEA743 /* Moya in Frameworks */,
				F88F35F72B459D3A00BEA743 /* CombineMoya in Frameworks */,
				F88F35FD2B459D3A00BEA743 /* RxMoya in Frameworks */,
				F88F35FB2B459D3A00BEA743 /* ReactiveMoya in Frameworks */,
			);
			runOnlyForDeploymentPostprocessing = 0;
		};
/* End PBXFrameworksBuildPhase section */

/* Begin PBXGroup section */
		F88F35C92B43FC6500BEA743 = {
			isa = PBXGroup;
			children = (
				F88F35D42B43FC6500BEA743 /* PpuDaeSik */,
				F88F35D32B43FC6500BEA743 /* Products */,
			);
			sourceTree = "<group>";
		};
		F88F35D32B43FC6500BEA743 /* Products */ = {
			isa = PBXGroup;
			children = (
				F88F35D22B43FC6500BEA743 /* PpuDaeSik.app */,
			);
			name = Products;
			sourceTree = "<group>";
		};
		F88F35D42B43FC6500BEA743 /* PpuDaeSik */ = {
			isa = PBXGroup;
			children = (
				F88F35F02B44056400BEA743 /* Info.plist */,
				F88F35D92B43FC6600BEA743 /* Assets.xcassets */,
				F88F35D52B43FC6500BEA743 /* PpuDaeSikApp.swift */,
				F88F35D72B43FC6500BEA743 /* ContentView.swift */,
				F88F35F32B4434BE00BEA743 /* MainView.swift */,
				F88F36002B45E96300BEA743 /* MainViewModel.swift */,
				F88F35DE2B43FC6600BEA743 /* Persistence.swift */,
				F88F35FE2B45E64700BEA743 /* API.swift */,
				F88F35E02B43FC6600BEA743 /* PpuDaeSik.xcdatamodeld */,
				F88F35F22B4433D800BEA743 /* Resource */,
				F88F35F12B44337700BEA743 /* Ext */,
				F88F35DB2B43FC6600BEA743 /* Preview Content */,
			);
			path = PpuDaeSik;
			sourceTree = "<group>";
		};
		F88F35DB2B43FC6600BEA743 /* Preview Content */ = {
			isa = PBXGroup;
			children = (
				F88F35DC2B43FC6600BEA743 /* Preview Assets.xcassets */,
			);
			path = "Preview Content";
			sourceTree = "<group>";
		};
		F88F35F12B44337700BEA743 /* Ext */ = {
			isa = PBXGroup;
			children = (
				F88F35EA2B43FFBE00BEA743 /* Ext+Color.swift */,
				F88F35EC2B4400CA00BEA743 /* Ext+Font.swift */,
				F88F35E82B43FDF300BEA743 /* Ext+UIScreen.swift */,
			);
			path = Ext;
			sourceTree = "<group>";
		};
		F88F35F22B4433D800BEA743 /* Resource */ = {
			isa = PBXGroup;
			children = (
				F88F35EE2B44033400BEA743 /* Pretendard-Regular.otf */,
			);
			path = Resource;
			sourceTree = "<group>";
		};
/* End PBXGroup section */

/* Begin PBXNativeTarget section */
		F88F35D12B43FC6500BEA743 /* PpuDaeSik */ = {
			isa = PBXNativeTarget;
			buildConfigurationList = F88F35E52B43FC6600BEA743 /* Build configuration list for PBXNativeTarget "PpuDaeSik" */;
			buildPhases = (
				F88F35CE2B43FC6500BEA743 /* Sources */,
				F88F35CF2B43FC6500BEA743 /* Frameworks */,
				F88F35D02B43FC6500BEA743 /* Resources */,
			);
			buildRules = (
			);
			dependencies = (
			);
			name = PpuDaeSik;
			packageProductDependencies = (
				F88F35F62B459D3A00BEA743 /* CombineMoya */,
				F88F35F82B459D3A00BEA743 /* Moya */,
				F88F35FA2B459D3A00BEA743 /* ReactiveMoya */,
				F88F35FC2B459D3A00BEA743 /* RxMoya */,
			);
			productName = PpuDaeSik;
			productReference = F88F35D22B43FC6500BEA743 /* PpuDaeSik.app */;
			productType = "com.apple.product-type.application";
		};
/* End PBXNativeTarget section */

/* Begin PBXProject section */
		F88F35CA2B43FC6500BEA743 /* Project object */ = {
			isa = PBXProject;
			attributes = {
				BuildIndependentTargetsInParallel = 1;
				LastSwiftUpdateCheck = 1510;
				LastUpgradeCheck = 1510;
				TargetAttributes = {
					F88F35D12B43FC6500BEA743 = {
						CreatedOnToolsVersion = 15.1;
					};
				};
			};
			buildConfigurationList = F88F35CD2B43FC6500BEA743 /* Build configuration list for PBXProject "PpuDaeSik" */;
			compatibilityVersion = "Xcode 14.0";
			developmentRegion = en;
			hasScannedForEncodings = 0;
			knownRegions = (
				en,
				Base,
			);
			mainGroup = F88F35C92B43FC6500BEA743;
			packageReferences = (
				F88F35F52B459D3A00BEA743 /* XCRemoteSwiftPackageReference "moya" */,
			);
			productRefGroup = F88F35D32B43FC6500BEA743 /* Products */;
			projectDirPath = "";
			projectRoot = "";
			targets = (
				F88F35D12B43FC6500BEA743 /* PpuDaeSik */,
			);
		};
/* End PBXProject section */

/* Begin PBXResourcesBuildPhase section */
		F88F35D02B43FC6500BEA743 /* Resources */ = {
			isa = PBXResourcesBuildPhase;
			buildActionMask = 2147483647;
			files = (
				F88F35DD2B43FC6600BEA743 /* Preview Assets.xcassets in Resources */,
				F88F35EF2B44033400BEA743 /* Pretendard-Regular.otf in Resources */,
				F88F35DA2B43FC6600BEA743 /* Assets.xcassets in Resources */,
			);
			runOnlyForDeploymentPostprocessing = 0;
		};
/* End PBXResourcesBuildPhase section */

/* Begin PBXSourcesBuildPhase section */
		F88F35CE2B43FC6500BEA743 /* Sources */ = {
			isa = PBXSourcesBuildPhase;
			buildActionMask = 2147483647;
			files = (
				F88F35E22B43FC6600BEA743 /* PpuDaeSik.xcdatamodeld in Sources */,
				F88F35F42B4434BE00BEA743 /* MainView.swift in Sources */,
				F88F35DF2B43FC6600BEA743 /* Persistence.swift in Sources */,
				F88F35E92B43FDF300BEA743 /* Ext+UIScreen.swift in Sources */,
				F88F35EB2B43FFBE00BEA743 /* Ext+Color.swift in Sources */,
				F88F36012B45E96300BEA743 /* MainViewModel.swift in Sources */,
				F88F35D82B43FC6500BEA743 /* ContentView.swift in Sources */,
				F88F35ED2B4400CA00BEA743 /* Ext+Font.swift in Sources */,
				F88F35FF2B45E64700BEA743 /* API.swift in Sources */,
				F88F35D62B43FC6500BEA743 /* PpuDaeSikApp.swift in Sources */,
			);
			runOnlyForDeploymentPostprocessing = 0;
		};
/* End PBXSourcesBuildPhase section */

/* Begin XCBuildConfiguration section */
		F88F35E32B43FC6600BEA743 /* Debug */ = {
			isa = XCBuildConfiguration;
			buildSettings = {
				ALWAYS_SEARCH_USER_PATHS = NO;
				ASSETCATALOG_COMPILER_GENERATE_SWIFT_ASSET_SYMBOL_EXTENSIONS = YES;
				CLANG_ANALYZER_NONNULL = YES;
				CLANG_ANALYZER_NUMBER_OBJECT_CONVERSION = YES_AGGRESSIVE;
				CLANG_CXX_LANGUAGE_STANDARD = "gnu++20";
				CLANG_ENABLE_MODULES = YES;
				CLANG_ENABLE_OBJC_ARC = YES;
				CLANG_ENABLE_OBJC_WEAK = YES;
				CLANG_WARN_BLOCK_CAPTURE_AUTORELEASING = YES;
				CLANG_WARN_BOOL_CONVERSION = YES;
				CLANG_WARN_COMMA = YES;
				CLANG_WARN_CONSTANT_CONVERSION = YES;
				CLANG_WARN_DEPRECATED_OBJC_IMPLEMENTATIONS = YES;
				CLANG_WARN_DIRECT_OBJC_ISA_USAGE = YES_ERROR;
				CLANG_WARN_DOCUMENTATION_COMMENTS = YES;
				CLANG_WARN_EMPTY_BODY = YES;
				CLANG_WARN_ENUM_CONVERSION = YES;
				CLANG_WARN_INFINITE_RECURSION = YES;
				CLANG_WARN_INT_CONVERSION = YES;
				CLANG_WARN_NON_LITERAL_NULL_CONVERSION = YES;
				CLANG_WARN_OBJC_IMPLICIT_RETAIN_SELF = YES;
				CLANG_WARN_OBJC_LITERAL_CONVERSION = YES;
				CLANG_WARN_OBJC_ROOT_CLASS = YES_ERROR;
				CLANG_WARN_QUOTED_INCLUDE_IN_FRAMEWORK_HEADER = YES;
				CLANG_WARN_RANGE_LOOP_ANALYSIS = YES;
				CLANG_WARN_STRICT_PROTOTYPES = YES;
				CLANG_WARN_SUSPICIOUS_MOVE = YES;
				CLANG_WARN_UNGUARDED_AVAILABILITY = YES_AGGRESSIVE;
				CLANG_WARN_UNREACHABLE_CODE = YES;
				CLANG_WARN__DUPLICATE_METHOD_MATCH = YES;
				COPY_PHASE_STRIP = NO;
				DEBUG_INFORMATION_FORMAT = dwarf;
				ENABLE_STRICT_OBJC_MSGSEND = YES;
				ENABLE_TESTABILITY = YES;
				ENABLE_USER_SCRIPT_SANDBOXING = YES;
				GCC_C_LANGUAGE_STANDARD = gnu17;
				GCC_DYNAMIC_NO_PIC = NO;
				GCC_NO_COMMON_BLOCKS = YES;
				GCC_OPTIMIZATION_LEVEL = 0;
				GCC_PREPROCESSOR_DEFINITIONS = (
					"DEBUG=1",
					"$(inherited)",
				);
				GCC_WARN_64_TO_32_BIT_CONVERSION = YES;
				GCC_WARN_ABOUT_RETURN_TYPE = YES_ERROR;
				GCC_WARN_UNDECLARED_SELECTOR = YES;
				GCC_WARN_UNINITIALIZED_AUTOS = YES_AGGRESSIVE;
				GCC_WARN_UNUSED_FUNCTION = YES;
				GCC_WARN_UNUSED_VARIABLE = YES;
				IPHONEOS_DEPLOYMENT_TARGET = 17.2;
				LOCALIZATION_PREFERS_STRING_CATALOGS = YES;
				MTL_ENABLE_DEBUG_INFO = INCLUDE_SOURCE;
				MTL_FAST_MATH = YES;
				ONLY_ACTIVE_ARCH = YES;
				SDKROOT = iphoneos;
				SWIFT_ACTIVE_COMPILATION_CONDITIONS = "DEBUG $(inherited)";
				SWIFT_OPTIMIZATION_LEVEL = "-Onone";
			};
			name = Debug;
		};
		F88F35E42B43FC6600BEA743 /* Release */ = {
			isa = XCBuildConfiguration;
			buildSettings = {
				ALWAYS_SEARCH_USER_PATHS = NO;
				ASSETCATALOG_COMPILER_GENERATE_SWIFT_ASSET_SYMBOL_EXTENSIONS = YES;
				CLANG_ANALYZER_NONNULL = YES;
				CLANG_ANALYZER_NUMBER_OBJECT_CONVERSION = YES_AGGRESSIVE;
				CLANG_CXX_LANGUAGE_STANDARD = "gnu++20";
				CLANG_ENABLE_MODULES = YES;
				CLANG_ENABLE_OBJC_ARC = YES;
				CLANG_ENABLE_OBJC_WEAK = YES;
				CLANG_WARN_BLOCK_CAPTURE_AUTORELEASING = YES;
				CLANG_WARN_BOOL_CONVERSION = YES;
				CLANG_WARN_COMMA = YES;
				CLANG_WARN_CONSTANT_CONVERSION = YES;
				CLANG_WARN_DEPRECATED_OBJC_IMPLEMENTATIONS = YES;
				CLANG_WARN_DIRECT_OBJC_ISA_USAGE = YES_ERROR;
				CLANG_WARN_DOCUMENTATION_COMMENTS = YES;
				CLANG_WARN_EMPTY_BODY = YES;
				CLANG_WARN_ENUM_CONVERSION = YES;
				CLANG_WARN_INFINITE_RECURSION = YES;
				CLANG_WARN_INT_CONVERSION = YES;
				CLANG_WARN_NON_LITERAL_NULL_CONVERSION = YES;
				CLANG_WARN_OBJC_IMPLICIT_RETAIN_SELF = YES;
				CLANG_WARN_OBJC_LITERAL_CONVERSION = YES;
				CLANG_WARN_OBJC_ROOT_CLASS = YES_ERROR;
				CLANG_WARN_QUOTED_INCLUDE_IN_FRAMEWORK_HEADER = YES;
				CLANG_WARN_RANGE_LOOP_ANALYSIS = YES;
				CLANG_WARN_STRICT_PROTOTYPES = YES;
				CLANG_WARN_SUSPICIOUS_MOVE = YES;
				CLANG_WARN_UNGUARDED_AVAILABILITY = YES_AGGRESSIVE;
				CLANG_WARN_UNREACHABLE_CODE = YES;
				CLANG_WARN__DUPLICATE_METHOD_MATCH = YES;
				COPY_PHASE_STRIP = NO;
				DEBUG_INFORMATION_FORMAT = "dwarf-with-dsym";
				ENABLE_NS_ASSERTIONS = NO;
				ENABLE_STRICT_OBJC_MSGSEND = YES;
				ENABLE_USER_SCRIPT_SANDBOXING = YES;
				GCC_C_LANGUAGE_STANDARD = gnu17;
				GCC_NO_COMMON_BLOCKS = YES;
				GCC_WARN_64_TO_32_BIT_CONVERSION = YES;
				GCC_WARN_ABOUT_RETURN_TYPE = YES_ERROR;
				GCC_WARN_UNDECLARED_SELECTOR = YES;
				GCC_WARN_UNINITIALIZED_AUTOS = YES_AGGRESSIVE;
				GCC_WARN_UNUSED_FUNCTION = YES;
				GCC_WARN_UNUSED_VARIABLE = YES;
				IPHONEOS_DEPLOYMENT_TARGET = 17.2;
				LOCALIZATION_PREFERS_STRING_CATALOGS = YES;
				MTL_ENABLE_DEBUG_INFO = NO;
				MTL_FAST_MATH = YES;
				SDKROOT = iphoneos;
				SWIFT_COMPILATION_MODE = wholemodule;
				VALIDATE_PRODUCT = YES;
			};
			name = Release;
		};
		F88F35E62B43FC6600BEA743 /* Debug */ = {
			isa = XCBuildConfiguration;
			buildSettings = {
				ASSETCATALOG_COMPILER_APPICON_NAME = AppIcon;
				ASSETCATALOG_COMPILER_GLOBAL_ACCENT_COLOR_NAME = AccentColor;
				CODE_SIGN_STYLE = Automatic;
				CURRENT_PROJECT_VERSION = 1;
				DEVELOPMENT_ASSET_PATHS = "\"PpuDaeSik/Preview Content\"";
				DEVELOPMENT_TEAM = VA3J8597P8;
				ENABLE_PREVIEWS = YES;
				GENERATE_INFOPLIST_FILE = YES;
				INFOPLIST_FILE = PpuDaeSik/Info.plist;
				INFOPLIST_KEY_UIApplicationSceneManifest_Generation = YES;
				INFOPLIST_KEY_UIApplicationSupportsIndirectInputEvents = YES;
				INFOPLIST_KEY_UILaunchScreen_Generation = YES;
				INFOPLIST_KEY_UISupportedInterfaceOrientations_iPad = "UIInterfaceOrientationPortrait UIInterfaceOrientationPortraitUpsideDown UIInterfaceOrientationLandscapeLeft UIInterfaceOrientationLandscapeRight";
				INFOPLIST_KEY_UISupportedInterfaceOrientations_iPhone = "UIInterfaceOrientationPortrait UIInterfaceOrientationLandscapeLeft UIInterfaceOrientationLandscapeRight";
				LD_RUNPATH_SEARCH_PATHS = (
					"$(inherited)",
					"@executable_path/Frameworks",
				);
				MARKETING_VERSION = 1.0;
				PRODUCT_BUNDLE_IDENTIFIER = com.moro.PpuDaeSik;
				PRODUCT_NAME = "$(TARGET_NAME)";
				SWIFT_EMIT_LOC_STRINGS = YES;
				SWIFT_VERSION = 5.0;
				TARGETED_DEVICE_FAMILY = "1,2";
			};
			name = Debug;
		};
		F88F35E72B43FC6600BEA743 /* Release */ = {
			isa = XCBuildConfiguration;
			buildSettings = {
				ASSETCATALOG_COMPILER_APPICON_NAME = AppIcon;
				ASSETCATALOG_COMPILER_GLOBAL_ACCENT_COLOR_NAME = AccentColor;
				CODE_SIGN_STYLE = Automatic;
				CURRENT_PROJECT_VERSION = 1;
				DEVELOPMENT_ASSET_PATHS = "\"PpuDaeSik/Preview Content\"";
				DEVELOPMENT_TEAM = VA3J8597P8;
				ENABLE_PREVIEWS = YES;
				GENERATE_INFOPLIST_FILE = YES;
				INFOPLIST_FILE = PpuDaeSik/Info.plist;
				INFOPLIST_KEY_UIApplicationSceneManifest_Generation = YES;
				INFOPLIST_KEY_UIApplicationSupportsIndirectInputEvents = YES;
				INFOPLIST_KEY_UILaunchScreen_Generation = YES;
				INFOPLIST_KEY_UISupportedInterfaceOrientations_iPad = "UIInterfaceOrientationPortrait UIInterfaceOrientationPortraitUpsideDown UIInterfaceOrientationLandscapeLeft UIInterfaceOrientationLandscapeRight";
				INFOPLIST_KEY_UISupportedInterfaceOrientations_iPhone = "UIInterfaceOrientationPortrait UIInterfaceOrientationLandscapeLeft UIInterfaceOrientationLandscapeRight";
				LD_RUNPATH_SEARCH_PATHS = (
					"$(inherited)",
					"@executable_path/Frameworks",
				);
				MARKETING_VERSION = 1.0;
				PRODUCT_BUNDLE_IDENTIFIER = com.moro.PpuDaeSik;
				PRODUCT_NAME = "$(TARGET_NAME)";
				SWIFT_EMIT_LOC_STRINGS = YES;
				SWIFT_VERSION = 5.0;
				TARGETED_DEVICE_FAMILY = "1,2";
			};
			name = Release;
		};
/* End XCBuildConfiguration section */

/* Begin XCConfigurationList section */
		F88F35CD2B43FC6500BEA743 /* Build configuration list for PBXProject "PpuDaeSik" */ = {
			isa = XCConfigurationList;
			buildConfigurations = (
				F88F35E32B43FC6600BEA743 /* Debug */,
				F88F35E42B43FC6600BEA743 /* Release */,
			);
			defaultConfigurationIsVisible = 0;
			defaultConfigurationName = Release;
		};
		F88F35E52B43FC6600BEA743 /* Build configuration list for PBXNativeTarget "PpuDaeSik" */ = {
			isa = XCConfigurationList;
			buildConfigurations = (
				F88F35E62B43FC6600BEA743 /* Debug */,
				F88F35E72B43FC6600BEA743 /* Release */,
			);
			defaultConfigurationIsVisible = 0;
			defaultConfigurationName = Release;
		};
/* End XCConfigurationList section */

/* Begin XCRemoteSwiftPackageReference section */
		F88F35F52B459D3A00BEA743 /* XCRemoteSwiftPackageReference "moya" */ = {
			isa = XCRemoteSwiftPackageReference;
			repositoryURL = "http://github.com/Moya/moya.git";
			requirement = {
				kind = upToNextMajorVersion;
				minimumVersion = 15.0.3;
			};
		};
/* End XCRemoteSwiftPackageReference section */

/* Begin XCSwiftPackageProductDependency section */
		F88F35F62B459D3A00BEA743 /* CombineMoya */ = {
			isa = XCSwiftPackageProductDependency;
			package = F88F35F52B459D3A00BEA743 /* XCRemoteSwiftPackageReference "moya" */;
			productName = CombineMoya;
		};
		F88F35F82B459D3A00BEA743 /* Moya */ = {
			isa = XCSwiftPackageProductDependency;
			package = F88F35F52B459D3A00BEA743 /* XCRemoteSwiftPackageReference "moya" */;
			productName = Moya;
		};
		F88F35FA2B459D3A00BEA743 /* ReactiveMoya */ = {
			isa = XCSwiftPackageProductDependency;
			package = F88F35F52B459D3A00BEA743 /* XCRemoteSwiftPackageReference "moya" */;
			productName = ReactiveMoya;
		};
		F88F35FC2B459D3A00BEA743 /* RxMoya */ = {
			isa = XCSwiftPackageProductDependency;
			package = F88F35F52B459D3A00BEA743 /* XCRemoteSwiftPackageReference "moya" */;
			productName = RxMoya;
		};
/* End XCSwiftPackageProductDependency section */

/* Begin XCVersionGroup section */
		F88F35E02B43FC6600BEA743 /* PpuDaeSik.xcdatamodeld */ = {
			isa = XCVersionGroup;
			children = (
				F88F35E12B43FC6600BEA743 /* PpuDaeSik.xcdatamodel */,
			);
			currentVersion = F88F35E12B43FC6600BEA743 /* PpuDaeSik.xcdatamodel */;
			path = PpuDaeSik.xcdatamodeld;
			sourceTree = "<group>";
			versionGroupType = wrapper.xcdatamodel;
		};
/* End XCVersionGroup section */
	};
	rootObject = F88F35CA2B43FC6500BEA743 /* Project object */;
}
