// !$*UTF8*$!
{
	archiveVersion = 1;
	classes = {
	};
	objectVersion = 56;
	objects = {

/* Begin PBXBuildFile section */
		F8045AD32CE3636800277BC7 /* AppEnvironment.swift in Sources */ = {isa = PBXBuildFile; fileRef = F8045AD22CE3636700277BC7 /* AppEnvironment.swift */; };
		F8045AD52CE3637600277BC7 /* DependencyInjector.swift in Sources */ = {isa = PBXBuildFile; fileRef = F8045AD42CE3637500277BC7 /* DependencyInjector.swift */; };
		F8045AD82CE3638F00277BC7 /* AppState.swift in Sources */ = {isa = PBXBuildFile; fileRef = F8045AD72CE3638700277BC7 /* AppState.swift */; };
		F8045ADA2CE3639A00277BC7 /* Store.swift in Sources */ = {isa = PBXBuildFile; fileRef = F8045AD92CE3639900277BC7 /* Store.swift */; };
		F8045ADC2CE363A200277BC7 /* CancelBag.swift in Sources */ = {isa = PBXBuildFile; fileRef = F8045ADB2CE363A100277BC7 /* CancelBag.swift */; };
		F8045ADE2CE363AB00277BC7 /* Loadable.swift in Sources */ = {isa = PBXBuildFile; fileRef = F8045ADD2CE363AA00277BC7 /* Loadable.swift */; };
		F8045AE52CE3676600277BC7 /* CafeteriaUseCases.swift in Sources */ = {isa = PBXBuildFile; fileRef = F8045AE42CE3676400277BC7 /* CafeteriaUseCases.swift */; };
		F8045AE82CE3696100277BC7 /* NotionRepository.swift in Sources */ = {isa = PBXBuildFile; fileRef = F8045AE72CE368DE00277BC7 /* NotionRepository.swift */; };
		F8045AED2CE488B100277BC7 /* CampusTab.swift in Sources */ = {isa = PBXBuildFile; fileRef = F8045AEC2CE488AD00277BC7 /* CampusTab.swift */; };
		F8045AF42CE4A58800277BC7 /* WeekTab.swift in Sources */ = {isa = PBXBuildFile; fileRef = F8045AF32CE4A57B00277BC7 /* WeekTab.swift */; };
		F8045AF62CE5D4F500277BC7 /* BottomSheet.swift in Sources */ = {isa = PBXBuildFile; fileRef = F8045AF52CE5D4F200277BC7 /* BottomSheet.swift */; };
		F80781712CF854C300E061E6 /* CacheRepository.swift in Sources */ = {isa = PBXBuildFile; fileRef = F80781702CF854BC00E061E6 /* CacheRepository.swift */; };
		F81129522C41A74600F71C03 /* Ext+DateFormatter.swift in Sources */ = {isa = PBXBuildFile; fileRef = F81129512C41A74600F71C03 /* Ext+DateFormatter.swift */; };
		F81129552C41A80B00F71C03 /* Ext+Calendar.swift in Sources */ = {isa = PBXBuildFile; fileRef = F81129542C41A80B00F71C03 /* Ext+Calendar.swift */; };
		F811295A2C429F9B00F71C03 /* Campus.swift in Sources */ = {isa = PBXBuildFile; fileRef = F81129592C429F9B00F71C03 /* Campus.swift */; };
		F811295C2C429FA800F71C03 /* WeekComponent.swift in Sources */ = {isa = PBXBuildFile; fileRef = F811295B2C429FA800F71C03 /* WeekComponent.swift */; };
		F811295E2C429FBE00F71C03 /* Category.swift in Sources */ = {isa = PBXBuildFile; fileRef = F811295D2C429FBE00F71C03 /* Category.swift */; };
		F81129802C42E29B00F71C03 /* NotionResponse.swift in Sources */ = {isa = PBXBuildFile; fileRef = F811297F2C42E29B00F71C03 /* NotionResponse.swift */; };
		F815E4162C77453C00D25149 /* LoadingView.swift in Sources */ = {isa = PBXBuildFile; fileRef = F815E4152C77453C00D25149 /* LoadingView.swift */; };
		F8183FA42CEF14A0007B9428 /* MenuCell.swift in Sources */ = {isa = PBXBuildFile; fileRef = F8183FA32CEF1480007B9428 /* MenuCell.swift */; };
		F8183FA62CEF14A5007B9428 /* MenuContent.swift in Sources */ = {isa = PBXBuildFile; fileRef = F8183FA52CEF14A2007B9428 /* MenuContent.swift */; };
		F8183FAD2CEF291A007B9428 /* MainViewHeader.swift in Sources */ = {isa = PBXBuildFile; fileRef = F8183FAC2CEF291A007B9428 /* MainViewHeader.swift */; };
		F8183FAF2CEF4649007B9428 /* UserDataRepository.swift in Sources */ = {isa = PBXBuildFile; fileRef = F8183FAE2CEF4640007B9428 /* UserDataRepository.swift */; };
		F8183FB12CEF4A72007B9428 /* BookmarkService.swift in Sources */ = {isa = PBXBuildFile; fileRef = F8183FB02CEF4A64007B9428 /* BookmarkService.swift */; };
		F8183FB52CEF507B007B9428 /* BookmarkRepository.swift in Sources */ = {isa = PBXBuildFile; fileRef = F8183FB42CEF507B007B9428 /* BookmarkRepository.swift */; };
		F8183FB72CF059EE007B9428 /* DefaultCampusRepository.swift in Sources */ = {isa = PBXBuildFile; fileRef = F8183FB62CF059DF007B9428 /* DefaultCampusRepository.swift */; };
		F8183FB92CF0718E007B9428 /* DefaultCampusService.swift in Sources */ = {isa = PBXBuildFile; fileRef = F8183FB82CF0718E007B9428 /* DefaultCampusService.swift */; };
		F8183FFA2CF0A539007B9428 /* CafeteriaRepository.swift in Sources */ = {isa = PBXBuildFile; fileRef = F8183FF92CF0A534007B9428 /* CafeteriaRepository.swift */; };
		F8183FFC2CF0A63D007B9428 /* NotionAPI.swift in Sources */ = {isa = PBXBuildFile; fileRef = F8183FFB2CF0A637007B9428 /* NotionAPI.swift */; };
		F81840012CF3069E007B9428 /* NotionRequest.swift in Sources */ = {isa = PBXBuildFile; fileRef = F81840002CF30696007B9428 /* NotionRequest.swift */; };
		F81840062CF30DFC007B9428 /* NotionAPIError.swift in Sources */ = {isa = PBXBuildFile; fileRef = F81840052CF30DF6007B9428 /* NotionAPIError.swift */; };
		F81840082CF31529007B9428 /* Deployment.swift in Sources */ = {isa = PBXBuildFile; fileRef = F81840072CF31524007B9428 /* Deployment.swift */; };
		F81840172CF46DDB007B9428 /* NotionAPI.swift in Sources */ = {isa = PBXBuildFile; fileRef = F81840162CF46DDB007B9428 /* NotionAPI.swift */; };
		F81840192CF46E07007B9428 /* NotionRequest.swift in Sources */ = {isa = PBXBuildFile; fileRef = F81840182CF46E07007B9428 /* NotionRequest.swift */; };
		F818401B2CF46E5C007B9428 /* NotionAPIError.swift in Sources */ = {isa = PBXBuildFile; fileRef = F818401A2CF46E5C007B9428 /* NotionAPIError.swift */; };
		F818401D2CF46EFD007B9428 /* SimpleEntry.swift in Sources */ = {isa = PBXBuildFile; fileRef = F818401C2CF46EFD007B9428 /* SimpleEntry.swift */; };
		F818401F2CF46F1F007B9428 /* ShortCutEntry.swift in Sources */ = {isa = PBXBuildFile; fileRef = F818401E2CF46F1F007B9428 /* ShortCutEntry.swift */; };
		F81840262CF46FA6007B9428 /* PpuDaeSikWidgetEntryView.swift in Sources */ = {isa = PBXBuildFile; fileRef = F81840252CF46FA6007B9428 /* PpuDaeSikWidgetEntryView.swift */; };
		F81840282CF46FC4007B9428 /* PpuDaeSikShortCutWidgetEntryView.swift in Sources */ = {isa = PBXBuildFile; fileRef = F81840272CF46FC4007B9428 /* PpuDaeSikShortCutWidgetEntryView.swift */; };
		F818402A2CF47068007B9428 /* ShortCutProvider.swift in Sources */ = {isa = PBXBuildFile; fileRef = F81840292CF47068007B9428 /* ShortCutProvider.swift */; };
		F818402C2CF47075007B9428 /* Provider.swift in Sources */ = {isa = PBXBuildFile; fileRef = F818402B2CF47075007B9428 /* Provider.swift */; };
		F818402E2CF47390007B9428 /* NotionResponse.swift in Sources */ = {isa = PBXBuildFile; fileRef = F818402D2CF47390007B9428 /* NotionResponse.swift */; };
		F81840322CF4754A007B9428 /* Deployment.swift in Sources */ = {isa = PBXBuildFile; fileRef = F81840312CF4754A007B9428 /* Deployment.swift */; };
		F81840342CF48F8E007B9428 /* Cafeteria.swift in Sources */ = {isa = PBXBuildFile; fileRef = F81840332CF48F8E007B9428 /* Cafeteria.swift */; };
		F81840362CF48FAE007B9428 /* CafeteriaResponse.swift in Sources */ = {isa = PBXBuildFile; fileRef = F81840352CF48FAE007B9428 /* CafeteriaResponse.swift */; };
		F81840382CF48FE0007B9428 /* Campus.swift in Sources */ = {isa = PBXBuildFile; fileRef = F81840372CF48FE0007B9428 /* Campus.swift */; };
		F818403A2CF48FE8007B9428 /* Category.swift in Sources */ = {isa = PBXBuildFile; fileRef = F81840392CF48FE8007B9428 /* Category.swift */; };
		F818403D2CF49007007B9428 /* Ext+Color.swift in Sources */ = {isa = PBXBuildFile; fileRef = F818403C2CF49007007B9428 /* Ext+Color.swift */; };
		F818403F2CF4902A007B9428 /* Ext+Calendar.swift in Sources */ = {isa = PBXBuildFile; fileRef = F818403E2CF4902A007B9428 /* Ext+Calendar.swift */; };
		F81840452CF4925E007B9428 /* Ext+DateFormatter.swift in Sources */ = {isa = PBXBuildFile; fileRef = F81840442CF4925E007B9428 /* Ext+DateFormatter.swift */; };
		F820CBA72C6FAD1E008694EC /* DayComponent.swift in Sources */ = {isa = PBXBuildFile; fileRef = F820CBA62C6FAD1E008694EC /* DayComponent.swift */; };
		F820CBA92C70E5F7008694EC /* CafeteriaView.swift in Sources */ = {isa = PBXBuildFile; fileRef = F820CBA82C70E5F7008694EC /* CafeteriaView.swift */; };
		F820CBAB2C70EE2A008694EC /* CafeteriaHeader.swift in Sources */ = {isa = PBXBuildFile; fileRef = F820CBAA2C70EE2A008694EC /* CafeteriaHeader.swift */; };
		F8334D372BE4C749000B85E9 /* WidgetKit.framework in Frameworks */ = {isa = PBXBuildFile; fileRef = F8334D362BE4C749000B85E9 /* WidgetKit.framework */; };
		F8334D392BE4C749000B85E9 /* SwiftUI.framework in Frameworks */ = {isa = PBXBuildFile; fileRef = F8334D382BE4C749000B85E9 /* SwiftUI.framework */; };
		F8334D442BE4C74A000B85E9 /* PpuDaeSikWidgetExtension.appex in Embed Foundation Extensions */ = {isa = PBXBuildFile; fileRef = F8334D342BE4C749000B85E9 /* PpuDaeSikWidgetExtension.appex */; settings = {ATTRIBUTES = (RemoveHeadersOnCopy, ); }; };
		F8334D6B2BE4C968000B85E9 /* PpuDaeSikWidget.swift in Sources */ = {isa = PBXBuildFile; fileRef = F8334D5A2BE4C7E9000B85E9 /* PpuDaeSikWidget.swift */; };
		F8334D6C2BE4C968000B85E9 /* PpuDaeSikWidgetBundle.swift in Sources */ = {isa = PBXBuildFile; fileRef = F8334D5B2BE4C7E9000B85E9 /* PpuDaeSikWidgetBundle.swift */; };
		F8334D6F2BE4C9B1000B85E9 /* Assets.xcassets in Resources */ = {isa = PBXBuildFile; fileRef = F8334D582BE4C7E9000B85E9 /* Assets.xcassets */; };
		F8334D882BE4E85C000B85E9 /* PpuDaeSikWidget.intentdefinition in Sources */ = {isa = PBXBuildFile; fileRef = F8334D872BE4E85C000B85E9 /* PpuDaeSikWidget.intentdefinition */; };
		F8334D9F2BE5F033000B85E9 /* Ext+Font.swift in Sources */ = {isa = PBXBuildFile; fileRef = F88F35EC2B4400CA00BEA743 /* Ext+Font.swift */; };
		F874F2842C6B7AC20025F1FE /* Cafeteria.swift in Sources */ = {isa = PBXBuildFile; fileRef = F874F2832C6B7AC20025F1FE /* Cafeteria.swift */; };
		F874F2872C6CBA580025F1FE /* CafeteriaResponse.swift in Sources */ = {isa = PBXBuildFile; fileRef = F874F2862C6CBA580025F1FE /* CafeteriaResponse.swift */; };
		F87FCC632D1170E4007B480D /* CategoryTests.swift in Sources */ = {isa = PBXBuildFile; fileRef = F87FCC622D116E2A007B480D /* CategoryTests.swift */; };
		F87FCC652D117939007B480D /* WeekTests.swift in Sources */ = {isa = PBXBuildFile; fileRef = F87FCC642D117933007B480D /* WeekTests.swift */; };
		F88F35D62B43FC6500BEA743 /* PpuDaeSikApp.swift in Sources */ = {isa = PBXBuildFile; fileRef = F88F35D52B43FC6500BEA743 /* PpuDaeSikApp.swift */; };
		F88F35DA2B43FC6600BEA743 /* Assets.xcassets in Resources */ = {isa = PBXBuildFile; fileRef = F88F35D92B43FC6600BEA743 /* Assets.xcassets */; };
		F88F35DD2B43FC6600BEA743 /* Preview Assets.xcassets in Resources */ = {isa = PBXBuildFile; fileRef = F88F35DC2B43FC6600BEA743 /* Preview Assets.xcassets */; };
		F88F35E92B43FDF300BEA743 /* Ext+UIScreen.swift in Sources */ = {isa = PBXBuildFile; fileRef = F88F35E82B43FDF300BEA743 /* Ext+UIScreen.swift */; };
		F88F35EB2B43FFBE00BEA743 /* Ext+Color.swift in Sources */ = {isa = PBXBuildFile; fileRef = F88F35EA2B43FFBE00BEA743 /* Ext+Color.swift */; };
		F88F35EF2B44033400BEA743 /* Pretendard-Regular.otf in Resources */ = {isa = PBXBuildFile; fileRef = F88F35EE2B44033400BEA743 /* Pretendard-Regular.otf */; };
		F88F35F42B4434BE00BEA743 /* MainView.swift in Sources */ = {isa = PBXBuildFile; fileRef = F88F35F32B4434BE00BEA743 /* MainView.swift */; };
/* End PBXBuildFile section */

/* Begin PBXContainerItemProxy section */
		F8334D422BE4C74A000B85E9 /* PBXContainerItemProxy */ = {
			isa = PBXContainerItemProxy;
			containerPortal = F88F35CA2B43FC6500BEA743 /* Project object */;
			proxyType = 1;
			remoteGlobalIDString = F8334D332BE4C749000B85E9;
			remoteInfo = PpuDaeSikWidgetExtension;
		};
		F87FCC5A2D116CBF007B480D /* PBXContainerItemProxy */ = {
			isa = PBXContainerItemProxy;
			containerPortal = F88F35CA2B43FC6500BEA743 /* Project object */;
			proxyType = 1;
			remoteGlobalIDString = F88F35D12B43FC6500BEA743;
			remoteInfo = PpuDaeSik;
		};
/* End PBXContainerItemProxy section */

/* Begin PBXCopyFilesBuildPhase section */
		F8334D452BE4C74A000B85E9 /* Embed Foundation Extensions */ = {
			isa = PBXCopyFilesBuildPhase;
			buildActionMask = 2147483647;
			dstPath = "";
			dstSubfolderSpec = 13;
			files = (
				F8334D442BE4C74A000B85E9 /* PpuDaeSikWidgetExtension.appex in Embed Foundation Extensions */,
			);
			name = "Embed Foundation Extensions";
			runOnlyForDeploymentPostprocessing = 0;
		};
		F8334D852BE4E322000B85E9 /* Embed ExtensionKit Extensions */ = {
			isa = PBXCopyFilesBuildPhase;
			buildActionMask = 2147483647;
			dstPath = "$(EXTENSIONS_FOLDER_PATH)";
			dstSubfolderSpec = 16;
			files = (
			);
			name = "Embed ExtensionKit Extensions";
			runOnlyForDeploymentPostprocessing = 0;
		};
/* End PBXCopyFilesBuildPhase section */

/* Begin PBXFileReference section */
		F8045AD22CE3636700277BC7 /* AppEnvironment.swift */ = {isa = PBXFileReference; lastKnownFileType = sourcecode.swift; path = AppEnvironment.swift; sourceTree = "<group>"; };
		F8045AD42CE3637500277BC7 /* DependencyInjector.swift */ = {isa = PBXFileReference; lastKnownFileType = sourcecode.swift; path = DependencyInjector.swift; sourceTree = "<group>"; };
		F8045AD72CE3638700277BC7 /* AppState.swift */ = {isa = PBXFileReference; lastKnownFileType = sourcecode.swift; path = AppState.swift; sourceTree = "<group>"; };
		F8045AD92CE3639900277BC7 /* Store.swift */ = {isa = PBXFileReference; lastKnownFileType = sourcecode.swift; path = Store.swift; sourceTree = "<group>"; };
		F8045ADB2CE363A100277BC7 /* CancelBag.swift */ = {isa = PBXFileReference; lastKnownFileType = sourcecode.swift; path = CancelBag.swift; sourceTree = "<group>"; };
		F8045ADD2CE363AA00277BC7 /* Loadable.swift */ = {isa = PBXFileReference; lastKnownFileType = sourcecode.swift; path = Loadable.swift; sourceTree = "<group>"; };
		F8045AE42CE3676400277BC7 /* CafeteriaUseCases.swift */ = {isa = PBXFileReference; lastKnownFileType = sourcecode.swift; path = CafeteriaUseCases.swift; sourceTree = "<group>"; };
		F8045AE72CE368DE00277BC7 /* NotionRepository.swift */ = {isa = PBXFileReference; lastKnownFileType = sourcecode.swift; path = NotionRepository.swift; sourceTree = "<group>"; };
		F8045AEC2CE488AD00277BC7 /* CampusTab.swift */ = {isa = PBXFileReference; lastKnownFileType = sourcecode.swift; path = CampusTab.swift; sourceTree = "<group>"; };
		F8045AF32CE4A57B00277BC7 /* WeekTab.swift */ = {isa = PBXFileReference; lastKnownFileType = sourcecode.swift; path = WeekTab.swift; sourceTree = "<group>"; };
		F8045AF52CE5D4F200277BC7 /* BottomSheet.swift */ = {isa = PBXFileReference; lastKnownFileType = sourcecode.swift; path = BottomSheet.swift; sourceTree = "<group>"; };
		F80781702CF854BC00E061E6 /* CacheRepository.swift */ = {isa = PBXFileReference; lastKnownFileType = sourcecode.swift; path = CacheRepository.swift; sourceTree = "<group>"; };
		F81129512C41A74600F71C03 /* Ext+DateFormatter.swift */ = {isa = PBXFileReference; lastKnownFileType = sourcecode.swift; path = "Ext+DateFormatter.swift"; sourceTree = "<group>"; };
		F81129542C41A80B00F71C03 /* Ext+Calendar.swift */ = {isa = PBXFileReference; lastKnownFileType = sourcecode.swift; path = "Ext+Calendar.swift"; sourceTree = "<group>"; };
		F81129592C429F9B00F71C03 /* Campus.swift */ = {isa = PBXFileReference; lastKnownFileType = sourcecode.swift; path = Campus.swift; sourceTree = "<group>"; };
		F811295B2C429FA800F71C03 /* WeekComponent.swift */ = {isa = PBXFileReference; lastKnownFileType = sourcecode.swift; path = WeekComponent.swift; sourceTree = "<group>"; };
		F811295D2C429FBE00F71C03 /* Category.swift */ = {isa = PBXFileReference; lastKnownFileType = sourcecode.swift; path = Category.swift; sourceTree = "<group>"; };
		F811297F2C42E29B00F71C03 /* NotionResponse.swift */ = {isa = PBXFileReference; lastKnownFileType = sourcecode.swift; path = NotionResponse.swift; sourceTree = "<group>"; };
		F815E4152C77453C00D25149 /* LoadingView.swift */ = {isa = PBXFileReference; lastKnownFileType = sourcecode.swift; path = LoadingView.swift; sourceTree = "<group>"; };
		F8183FA32CEF1480007B9428 /* MenuCell.swift */ = {isa = PBXFileReference; lastKnownFileType = sourcecode.swift; path = MenuCell.swift; sourceTree = "<group>"; };
		F8183FA52CEF14A2007B9428 /* MenuContent.swift */ = {isa = PBXFileReference; lastKnownFileType = sourcecode.swift; path = MenuContent.swift; sourceTree = "<group>"; };
		F8183FAC2CEF291A007B9428 /* MainViewHeader.swift */ = {isa = PBXFileReference; lastKnownFileType = sourcecode.swift; path = MainViewHeader.swift; sourceTree = "<group>"; };
		F8183FAE2CEF4640007B9428 /* UserDataRepository.swift */ = {isa = PBXFileReference; lastKnownFileType = sourcecode.swift; path = UserDataRepository.swift; sourceTree = "<group>"; };
		F8183FB02CEF4A64007B9428 /* BookmarkService.swift */ = {isa = PBXFileReference; lastKnownFileType = sourcecode.swift; path = BookmarkService.swift; sourceTree = "<group>"; };
		F8183FB42CEF507B007B9428 /* BookmarkRepository.swift */ = {isa = PBXFileReference; lastKnownFileType = sourcecode.swift; path = BookmarkRepository.swift; sourceTree = "<group>"; };
		F8183FB62CF059DF007B9428 /* DefaultCampusRepository.swift */ = {isa = PBXFileReference; lastKnownFileType = sourcecode.swift; path = DefaultCampusRepository.swift; sourceTree = "<group>"; };
		F8183FB82CF0718E007B9428 /* DefaultCampusService.swift */ = {isa = PBXFileReference; lastKnownFileType = sourcecode.swift; path = DefaultCampusService.swift; sourceTree = "<group>"; };
		F8183FF92CF0A534007B9428 /* CafeteriaRepository.swift */ = {isa = PBXFileReference; lastKnownFileType = sourcecode.swift; path = CafeteriaRepository.swift; sourceTree = "<group>"; };
		F8183FFB2CF0A637007B9428 /* NotionAPI.swift */ = {isa = PBXFileReference; lastKnownFileType = sourcecode.swift; path = NotionAPI.swift; sourceTree = "<group>"; };
		F81840002CF30696007B9428 /* NotionRequest.swift */ = {isa = PBXFileReference; lastKnownFileType = sourcecode.swift; path = NotionRequest.swift; sourceTree = "<group>"; };
		F81840052CF30DF6007B9428 /* NotionAPIError.swift */ = {isa = PBXFileReference; lastKnownFileType = sourcecode.swift; path = NotionAPIError.swift; sourceTree = "<group>"; };
		F81840072CF31524007B9428 /* Deployment.swift */ = {isa = PBXFileReference; lastKnownFileType = sourcecode.swift; path = Deployment.swift; sourceTree = "<group>"; };
		F81840162CF46DDB007B9428 /* NotionAPI.swift */ = {isa = PBXFileReference; lastKnownFileType = sourcecode.swift; path = NotionAPI.swift; sourceTree = "<group>"; };
		F81840182CF46E07007B9428 /* NotionRequest.swift */ = {isa = PBXFileReference; lastKnownFileType = sourcecode.swift; path = NotionRequest.swift; sourceTree = "<group>"; };
		F818401A2CF46E5C007B9428 /* NotionAPIError.swift */ = {isa = PBXFileReference; lastKnownFileType = sourcecode.swift; path = NotionAPIError.swift; sourceTree = "<group>"; };
		F818401C2CF46EFD007B9428 /* SimpleEntry.swift */ = {isa = PBXFileReference; lastKnownFileType = sourcecode.swift; path = SimpleEntry.swift; sourceTree = "<group>"; };
		F818401E2CF46F1F007B9428 /* ShortCutEntry.swift */ = {isa = PBXFileReference; lastKnownFileType = sourcecode.swift; path = ShortCutEntry.swift; sourceTree = "<group>"; };
		F81840252CF46FA6007B9428 /* PpuDaeSikWidgetEntryView.swift */ = {isa = PBXFileReference; lastKnownFileType = sourcecode.swift; path = PpuDaeSikWidgetEntryView.swift; sourceTree = "<group>"; };
		F81840272CF46FC4007B9428 /* PpuDaeSikShortCutWidgetEntryView.swift */ = {isa = PBXFileReference; lastKnownFileType = sourcecode.swift; path = PpuDaeSikShortCutWidgetEntryView.swift; sourceTree = "<group>"; };
		F81840292CF47068007B9428 /* ShortCutProvider.swift */ = {isa = PBXFileReference; lastKnownFileType = sourcecode.swift; path = ShortCutProvider.swift; sourceTree = "<group>"; };
		F818402B2CF47075007B9428 /* Provider.swift */ = {isa = PBXFileReference; lastKnownFileType = sourcecode.swift; path = Provider.swift; sourceTree = "<group>"; };
		F818402D2CF47390007B9428 /* NotionResponse.swift */ = {isa = PBXFileReference; lastKnownFileType = sourcecode.swift; path = NotionResponse.swift; sourceTree = "<group>"; };
		F81840312CF4754A007B9428 /* Deployment.swift */ = {isa = PBXFileReference; lastKnownFileType = sourcecode.swift; path = Deployment.swift; sourceTree = "<group>"; };
		F81840332CF48F8E007B9428 /* Cafeteria.swift */ = {isa = PBXFileReference; lastKnownFileType = sourcecode.swift; path = Cafeteria.swift; sourceTree = "<group>"; };
		F81840352CF48FAE007B9428 /* CafeteriaResponse.swift */ = {isa = PBXFileReference; lastKnownFileType = sourcecode.swift; path = CafeteriaResponse.swift; sourceTree = "<group>"; };
		F81840372CF48FE0007B9428 /* Campus.swift */ = {isa = PBXFileReference; lastKnownFileType = sourcecode.swift; path = Campus.swift; sourceTree = "<group>"; };
		F81840392CF48FE8007B9428 /* Category.swift */ = {isa = PBXFileReference; lastKnownFileType = sourcecode.swift; path = Category.swift; sourceTree = "<group>"; };
		F818403C2CF49007007B9428 /* Ext+Color.swift */ = {isa = PBXFileReference; lastKnownFileType = sourcecode.swift; path = "Ext+Color.swift"; sourceTree = "<group>"; };
		F818403E2CF4902A007B9428 /* Ext+Calendar.swift */ = {isa = PBXFileReference; lastKnownFileType = sourcecode.swift; path = "Ext+Calendar.swift"; sourceTree = "<group>"; };
		F81840442CF4925E007B9428 /* Ext+DateFormatter.swift */ = {isa = PBXFileReference; lastKnownFileType = sourcecode.swift; path = "Ext+DateFormatter.swift"; sourceTree = "<group>"; };
		F820CBA62C6FAD1E008694EC /* DayComponent.swift */ = {isa = PBXFileReference; lastKnownFileType = sourcecode.swift; path = DayComponent.swift; sourceTree = "<group>"; };
		F820CBA82C70E5F7008694EC /* CafeteriaView.swift */ = {isa = PBXFileReference; lastKnownFileType = sourcecode.swift; path = CafeteriaView.swift; sourceTree = "<group>"; };
		F820CBAA2C70EE2A008694EC /* CafeteriaHeader.swift */ = {isa = PBXFileReference; lastKnownFileType = sourcecode.swift; path = CafeteriaHeader.swift; sourceTree = "<group>"; };
		F8334D342BE4C749000B85E9 /* PpuDaeSikWidgetExtension.appex */ = {isa = PBXFileReference; explicitFileType = "wrapper.app-extension"; includeInIndex = 0; path = PpuDaeSikWidgetExtension.appex; sourceTree = BUILT_PRODUCTS_DIR; };
		F8334D362BE4C749000B85E9 /* WidgetKit.framework */ = {isa = PBXFileReference; lastKnownFileType = wrapper.framework; name = WidgetKit.framework; path = System/Library/Frameworks/WidgetKit.framework; sourceTree = SDKROOT; };
		F8334D382BE4C749000B85E9 /* SwiftUI.framework */ = {isa = PBXFileReference; lastKnownFileType = wrapper.framework; name = SwiftUI.framework; path = System/Library/Frameworks/SwiftUI.framework; sourceTree = SDKROOT; };
		F8334D582BE4C7E9000B85E9 /* Assets.xcassets */ = {isa = PBXFileReference; lastKnownFileType = folder.assetcatalog; path = Assets.xcassets; sourceTree = "<group>"; };
		F8334D592BE4C7E9000B85E9 /* Info.plist */ = {isa = PBXFileReference; lastKnownFileType = text.plist.xml; path = Info.plist; sourceTree = "<group>"; };
		F8334D5A2BE4C7E9000B85E9 /* PpuDaeSikWidget.swift */ = {isa = PBXFileReference; lastKnownFileType = sourcecode.swift; path = PpuDaeSikWidget.swift; sourceTree = "<group>"; };
		F8334D5B2BE4C7E9000B85E9 /* PpuDaeSikWidgetBundle.swift */ = {isa = PBXFileReference; lastKnownFileType = sourcecode.swift; path = PpuDaeSikWidgetBundle.swift; sourceTree = "<group>"; };
		F8334D872BE4E85C000B85E9 /* PpuDaeSikWidget.intentdefinition */ = {isa = PBXFileReference; lastKnownFileType = file.intentdefinition; path = PpuDaeSikWidget.intentdefinition; sourceTree = "<group>"; };
		F8334D8E2BE4F4BD000B85E9 /* Intents.framework */ = {isa = PBXFileReference; lastKnownFileType = wrapper.framework; name = Intents.framework; path = System/Library/Frameworks/Intents.framework; sourceTree = SDKROOT; };
		F874F2832C6B7AC20025F1FE /* Cafeteria.swift */ = {isa = PBXFileReference; lastKnownFileType = sourcecode.swift; path = Cafeteria.swift; sourceTree = "<group>"; };
		F874F2862C6CBA580025F1FE /* CafeteriaResponse.swift */ = {isa = PBXFileReference; lastKnownFileType = sourcecode.swift; path = CafeteriaResponse.swift; sourceTree = "<group>"; };
		F87FCC562D116CBF007B480D /* PpuDaeSikTests.xctest */ = {isa = PBXFileReference; explicitFileType = wrapper.cfbundle; includeInIndex = 0; path = PpuDaeSikTests.xctest; sourceTree = BUILT_PRODUCTS_DIR; };
		F87FCC622D116E2A007B480D /* CategoryTests.swift */ = {isa = PBXFileReference; lastKnownFileType = sourcecode.swift; path = CategoryTests.swift; sourceTree = "<group>"; };
		F87FCC642D117933007B480D /* WeekTests.swift */ = {isa = PBXFileReference; lastKnownFileType = sourcecode.swift; path = WeekTests.swift; sourceTree = "<group>"; };
		F88F35D22B43FC6500BEA743 /* PpuDaeSik.app */ = {isa = PBXFileReference; explicitFileType = wrapper.application; includeInIndex = 0; path = PpuDaeSik.app; sourceTree = BUILT_PRODUCTS_DIR; };
		F88F35D52B43FC6500BEA743 /* PpuDaeSikApp.swift */ = {isa = PBXFileReference; lastKnownFileType = sourcecode.swift; path = PpuDaeSikApp.swift; sourceTree = "<group>"; };
		F88F35D92B43FC6600BEA743 /* Assets.xcassets */ = {isa = PBXFileReference; lastKnownFileType = folder.assetcatalog; path = Assets.xcassets; sourceTree = "<group>"; };
		F88F35DC2B43FC6600BEA743 /* Preview Assets.xcassets */ = {isa = PBXFileReference; lastKnownFileType = folder.assetcatalog; path = "Preview Assets.xcassets"; sourceTree = "<group>"; };
		F88F35E82B43FDF300BEA743 /* Ext+UIScreen.swift */ = {isa = PBXFileReference; lastKnownFileType = sourcecode.swift; path = "Ext+UIScreen.swift"; sourceTree = "<group>"; };
		F88F35EA2B43FFBE00BEA743 /* Ext+Color.swift */ = {isa = PBXFileReference; lastKnownFileType = sourcecode.swift; path = "Ext+Color.swift"; sourceTree = "<group>"; };
		F88F35EC2B4400CA00BEA743 /* Ext+Font.swift */ = {isa = PBXFileReference; lastKnownFileType = sourcecode.swift; path = "Ext+Font.swift"; sourceTree = "<group>"; };
		F88F35EE2B44033400BEA743 /* Pretendard-Regular.otf */ = {isa = PBXFileReference; lastKnownFileType = file; path = "Pretendard-Regular.otf"; sourceTree = "<group>"; };
		F88F35F02B44056400BEA743 /* Info.plist */ = {isa = PBXFileReference; lastKnownFileType = text.plist.xml; path = Info.plist; sourceTree = "<group>"; };
		F88F35F32B4434BE00BEA743 /* MainView.swift */ = {isa = PBXFileReference; lastKnownFileType = sourcecode.swift; path = MainView.swift; sourceTree = "<group>"; };
/* End PBXFileReference section */

/* Begin PBXFrameworksBuildPhase section */
		F8334D312BE4C749000B85E9 /* Frameworks */ = {
			isa = PBXFrameworksBuildPhase;
			buildActionMask = 2147483647;
			files = (
				F8334D392BE4C749000B85E9 /* SwiftUI.framework in Frameworks */,
				F8334D372BE4C749000B85E9 /* WidgetKit.framework in Frameworks */,
			);
			runOnlyForDeploymentPostprocessing = 0;
		};
		F87FCC532D116CBF007B480D /* Frameworks */ = {
			isa = PBXFrameworksBuildPhase;
			buildActionMask = 2147483647;
			files = (
			);
			runOnlyForDeploymentPostprocessing = 0;
		};
		F88F35CF2B43FC6500BEA743 /* Frameworks */ = {
			isa = PBXFrameworksBuildPhase;
			buildActionMask = 2147483647;
			files = (
			);
			runOnlyForDeploymentPostprocessing = 0;
		};
/* End PBXFrameworksBuildPhase section */

/* Begin PBXGroup section */
		F8045AD02CE3631400277BC7 /* Injected */ = {
			isa = PBXGroup;
			children = (
				F8045AD72CE3638700277BC7 /* AppState.swift */,
				F8045AD42CE3637500277BC7 /* DependencyInjector.swift */,
			);
			path = Injected;
			sourceTree = "<group>";
		};
		F8045AD12CE3633700277BC7 /* System */ = {
			isa = PBXGroup;
			children = (
				F8045AD22CE3636700277BC7 /* AppEnvironment.swift */,
			);
			path = System;
			sourceTree = "<group>";
		};
		F8045AD62CE3638000277BC7 /* Utilities */ = {
			isa = PBXGroup;
			children = (
				F88F35F12B44337700BEA743 /* Ext */,
				F8045AD92CE3639900277BC7 /* Store.swift */,
				F8045ADB2CE363A100277BC7 /* CancelBag.swift */,
				F8045ADD2CE363AA00277BC7 /* Loadable.swift */,
				F8183FAE2CEF4640007B9428 /* UserDataRepository.swift */,
			);
			path = Utilities;
			sourceTree = "<group>";
		};
		F8045ADF2CE3673C00277BC7 /* Serivces */ = {
			isa = PBXGroup;
			children = (
				F8045AE42CE3676400277BC7 /* CafeteriaUseCases.swift */,
				F8183FB02CEF4A64007B9428 /* BookmarkService.swift */,
				F8183FB82CF0718E007B9428 /* DefaultCampusService.swift */,
			);
			path = Serivces;
			sourceTree = "<group>";
		};
		F8045AE62CE3689B00277BC7 /* Repositories */ = {
			isa = PBXGroup;
			children = (
				F8045AE72CE368DE00277BC7 /* NotionRepository.swift */,
				F8183FF92CF0A534007B9428 /* CafeteriaRepository.swift */,
				F8183FB42CEF507B007B9428 /* BookmarkRepository.swift */,
				F8183FB62CF059DF007B9428 /* DefaultCampusRepository.swift */,
				F80781702CF854BC00E061E6 /* CacheRepository.swift */,
			);
			path = Repositories;
			sourceTree = "<group>";
		};
		F8045AEB2CE4889A00277BC7 /* Views */ = {
			isa = PBXGroup;
			children = (
				F8183FAB2CEF2907007B9428 /* Main */,
				F8045AF52CE5D4F200277BC7 /* BottomSheet.swift */,
				F8183FAA2CEF2831007B9428 /* Tabs */,
				F8183FA92CEF281A007B9428 /* Cafeteria */,
				F815E4152C77453C00D25149 /* LoadingView.swift */,
			);
			path = Views;
			sourceTree = "<group>";
		};
		F8045AEE2CE4928200277BC7 /* Models */ = {
			isa = PBXGroup;
			children = (
				F8183FFF2CF30549007B9428 /* Notion */,
			);
			path = Models;
			sourceTree = "<group>";
		};
		F8183F9C2CEF10C2007B9428 /* Presentation */ = {
			isa = PBXGroup;
			children = (
				F8045AEB2CE4889A00277BC7 /* Views */,
			);
			path = Presentation;
			sourceTree = "<group>";
		};
		F8183FA82CEF280A007B9428 /* Menu */ = {
			isa = PBXGroup;
			children = (
				F8183FA32CEF1480007B9428 /* MenuCell.swift */,
				F8183FA52CEF14A2007B9428 /* MenuContent.swift */,
			);
			path = Menu;
			sourceTree = "<group>";
		};
		F8183FA92CEF281A007B9428 /* Cafeteria */ = {
			isa = PBXGroup;
			children = (
				F820CBA82C70E5F7008694EC /* CafeteriaView.swift */,
				F820CBAA2C70EE2A008694EC /* CafeteriaHeader.swift */,
				F8183FA82CEF280A007B9428 /* Menu */,
			);
			path = Cafeteria;
			sourceTree = "<group>";
		};
		F8183FAA2CEF2831007B9428 /* Tabs */ = {
			isa = PBXGroup;
			children = (
				F8045AEC2CE488AD00277BC7 /* CampusTab.swift */,
				F8045AF32CE4A57B00277BC7 /* WeekTab.swift */,
			);
			path = Tabs;
			sourceTree = "<group>";
		};
		F8183FAB2CEF2907007B9428 /* Main */ = {
			isa = PBXGroup;
			children = (
				F88F35F32B4434BE00BEA743 /* MainView.swift */,
				F8183FAC2CEF291A007B9428 /* MainViewHeader.swift */,
			);
			path = Main;
			sourceTree = "<group>";
		};
		F8183FFF2CF30549007B9428 /* Notion */ = {
			isa = PBXGroup;
			children = (
				F8183FFB2CF0A637007B9428 /* NotionAPI.swift */,
				F81840052CF30DF6007B9428 /* NotionAPIError.swift */,
				F81840072CF31524007B9428 /* Deployment.swift */,
				F81840002CF30696007B9428 /* NotionRequest.swift */,
				F81129592C429F9B00F71C03 /* Campus.swift */,
				F811295B2C429FA800F71C03 /* WeekComponent.swift */,
				F820CBA62C6FAD1E008694EC /* DayComponent.swift */,
				F811295D2C429FBE00F71C03 /* Category.swift */,
				F811297F2C42E29B00F71C03 /* NotionResponse.swift */,
				F874F2832C6B7AC20025F1FE /* Cafeteria.swift */,
				F874F2862C6CBA580025F1FE /* CafeteriaResponse.swift */,
			);
			path = Notion;
			sourceTree = "<group>";
		};
		F818400B2CF46B76007B9428 /* Models */ = {
			isa = PBXGroup;
			children = (
				F818401A2CF46E5C007B9428 /* NotionAPIError.swift */,
				F81840312CF4754A007B9428 /* Deployment.swift */,
				F81840182CF46E07007B9428 /* NotionRequest.swift */,
				F818402D2CF47390007B9428 /* NotionResponse.swift */,
				F8334D872BE4E85C000B85E9 /* PpuDaeSikWidget.intentdefinition */,
				F81840162CF46DDB007B9428 /* NotionAPI.swift */,
				F818401C2CF46EFD007B9428 /* SimpleEntry.swift */,
				F818401E2CF46F1F007B9428 /* ShortCutEntry.swift */,
				F81840332CF48F8E007B9428 /* Cafeteria.swift */,
				F81840352CF48FAE007B9428 /* CafeteriaResponse.swift */,
				F81840372CF48FE0007B9428 /* Campus.swift */,
				F81840392CF48FE8007B9428 /* Category.swift */,
			);
			path = Models;
			sourceTree = "<group>";
		};
		F818400C2CF46B7C007B9428 /* Services */ = {
			isa = PBXGroup;
			children = (
				F818402B2CF47075007B9428 /* Provider.swift */,
				F81840292CF47068007B9428 /* ShortCutProvider.swift */,
			);
			path = Services;
			sourceTree = "<group>";
		};
		F81840122CF46D2F007B9428 /* Utilities */ = {
			isa = PBXGroup;
			children = (
				F818403B2CF48FFF007B9428 /* Ext+ */,
			);
			path = Utilities;
			sourceTree = "<group>";
		};
		F81840202CF46F48007B9428 /* Presentation */ = {
			isa = PBXGroup;
			children = (
				F81840242CF46F9F007B9428 /* Views */,
			);
			path = Presentation;
			sourceTree = "<group>";
		};
		F81840242CF46F9F007B9428 /* Views */ = {
			isa = PBXGroup;
			children = (
				F81840252CF46FA6007B9428 /* PpuDaeSikWidgetEntryView.swift */,
				F81840272CF46FC4007B9428 /* PpuDaeSikShortCutWidgetEntryView.swift */,
			);
			path = Views;
			sourceTree = "<group>";
		};
		F818403B2CF48FFF007B9428 /* Ext+ */ = {
			isa = PBXGroup;
			children = (
				F818403C2CF49007007B9428 /* Ext+Color.swift */,
				F818403E2CF4902A007B9428 /* Ext+Calendar.swift */,
				F81840442CF4925E007B9428 /* Ext+DateFormatter.swift */,
			);
			path = "Ext+";
			sourceTree = "<group>";
		};
		F81840462CF494A0007B9428 /* Resources */ = {
			isa = PBXGroup;
			children = (
				F8334D582BE4C7E9000B85E9 /* Assets.xcassets */,
				F8334D592BE4C7E9000B85E9 /* Info.plist */,
			);
			path = Resources;
			sourceTree = "<group>";
		};
		F8334D352BE4C749000B85E9 /* Frameworks */ = {
			isa = PBXGroup;
			children = (
				F8334D362BE4C749000B85E9 /* WidgetKit.framework */,
				F8334D382BE4C749000B85E9 /* SwiftUI.framework */,
				F8334D8E2BE4F4BD000B85E9 /* Intents.framework */,
			);
			name = Frameworks;
			sourceTree = "<group>";
		};
		F8334D5E2BE4C7E9000B85E9 /* PpuDaeSikWidget */ = {
			isa = PBXGroup;
			children = (
				F8334D5B2BE4C7E9000B85E9 /* PpuDaeSikWidgetBundle.swift */,
				F8334D5A2BE4C7E9000B85E9 /* PpuDaeSikWidget.swift */,
				F81840202CF46F48007B9428 /* Presentation */,
				F81840122CF46D2F007B9428 /* Utilities */,
				F818400C2CF46B7C007B9428 /* Services */,
				F818400B2CF46B76007B9428 /* Models */,
				F81840462CF494A0007B9428 /* Resources */,
			);
			path = PpuDaeSikWidget;
			sourceTree = "<group>";
		};
		F87FCC602D116CD7007B480D /* PpuDaeSikTests */ = {
			isa = PBXGroup;
			children = (
				F87FCC622D116E2A007B480D /* CategoryTests.swift */,
				F87FCC642D117933007B480D /* WeekTests.swift */,
			);
			path = PpuDaeSikTests;
			sourceTree = "<group>";
		};
		F88F35C92B43FC6500BEA743 = {
			isa = PBXGroup;
			children = (
				F88F35D42B43FC6500BEA743 /* PpuDaeSik */,
				F8334D5E2BE4C7E9000B85E9 /* PpuDaeSikWidget */,
				F87FCC602D116CD7007B480D /* PpuDaeSikTests */,
				F8334D352BE4C749000B85E9 /* Frameworks */,
				F88F35D32B43FC6500BEA743 /* Products */,
			);
			sourceTree = "<group>";
		};
		F88F35D32B43FC6500BEA743 /* Products */ = {
			isa = PBXGroup;
			children = (
				F88F35D22B43FC6500BEA743 /* PpuDaeSik.app */,
				F8334D342BE4C749000B85E9 /* PpuDaeSikWidgetExtension.appex */,
				F87FCC562D116CBF007B480D /* PpuDaeSikTests.xctest */,
			);
			name = Products;
			sourceTree = "<group>";
		};
		F88F35D42B43FC6500BEA743 /* PpuDaeSik */ = {
			isa = PBXGroup;
			children = (
				F88F35D52B43FC6500BEA743 /* PpuDaeSikApp.swift */,
				F8183F9C2CEF10C2007B9428 /* Presentation */,
				F8045ADF2CE3673C00277BC7 /* Serivces */,
				F8045AD62CE3638000277BC7 /* Utilities */,
				F8045AD12CE3633700277BC7 /* System */,
				F8045AD02CE3631400277BC7 /* Injected */,
				F8045AE62CE3689B00277BC7 /* Repositories */,
				F8045AEE2CE4928200277BC7 /* Models */,
				F88F35F22B4433D800BEA743 /* Resources */,
			);
			path = PpuDaeSik;
			sourceTree = "<group>";
		};
		F88F35F12B44337700BEA743 /* Ext */ = {
			isa = PBXGroup;
			children = (
				F88F35EA2B43FFBE00BEA743 /* Ext+Color.swift */,
				F88F35EC2B4400CA00BEA743 /* Ext+Font.swift */,
				F88F35E82B43FDF300BEA743 /* Ext+UIScreen.swift */,
				F81129512C41A74600F71C03 /* Ext+DateFormatter.swift */,
				F81129542C41A80B00F71C03 /* Ext+Calendar.swift */,
			);
			path = Ext;
			sourceTree = "<group>";
		};
		F88F35F22B4433D800BEA743 /* Resources */ = {
			isa = PBXGroup;
			children = (
				F88F35EE2B44033400BEA743 /* Pretendard-Regular.otf */,
				F88F35F02B44056400BEA743 /* Info.plist */,
				F88F35D92B43FC6600BEA743 /* Assets.xcassets */,
				F88F35DC2B43FC6600BEA743 /* Preview Assets.xcassets */,
			);
			path = Resources;
			sourceTree = "<group>";
		};
/* End PBXGroup section */

/* Begin PBXNativeTarget section */
		F8334D332BE4C749000B85E9 /* PpuDaeSikWidgetExtension */ = {
			isa = PBXNativeTarget;
			buildConfigurationList = F8334D482BE4C74A000B85E9 /* Build configuration list for PBXNativeTarget "PpuDaeSikWidgetExtension" */;
			buildPhases = (
				F8334D302BE4C749000B85E9 /* Sources */,
				F8334D312BE4C749000B85E9 /* Frameworks */,
				F8334D322BE4C749000B85E9 /* Resources */,
			);
			buildRules = (
			);
			dependencies = (
			);
			name = PpuDaeSikWidgetExtension;
			packageProductDependencies = (
			);
			productName = PpuDaeSikWidgetExtension;
			productReference = F8334D342BE4C749000B85E9 /* PpuDaeSikWidgetExtension.appex */;
			productType = "com.apple.product-type.app-extension";
		};
		F87FCC552D116CBF007B480D /* PpuDaeSikTests */ = {
			isa = PBXNativeTarget;
			buildConfigurationList = F87FCC5E2D116CBF007B480D /* Build configuration list for PBXNativeTarget "PpuDaeSikTests" */;
			buildPhases = (
				F87FCC522D116CBF007B480D /* Sources */,
				F87FCC532D116CBF007B480D /* Frameworks */,
				F87FCC542D116CBF007B480D /* Resources */,
			);
			buildRules = (
			);
			dependencies = (
				F87FCC5B2D116CBF007B480D /* PBXTargetDependency */,
			);
			name = PpuDaeSikTests;
			packageProductDependencies = (
			);
			productName = PpuDaeSikTests;
			productReference = F87FCC562D116CBF007B480D /* PpuDaeSikTests.xctest */;
			productType = "com.apple.product-type.bundle.unit-test";
		};
		F88F35D12B43FC6500BEA743 /* PpuDaeSik */ = {
			isa = PBXNativeTarget;
			buildConfigurationList = F88F35E52B43FC6600BEA743 /* Build configuration list for PBXNativeTarget "PpuDaeSik" */;
			buildPhases = (
				F88F35CE2B43FC6500BEA743 /* Sources */,
				F88F35CF2B43FC6500BEA743 /* Frameworks */,
				F88F35D02B43FC6500BEA743 /* Resources */,
				F8334D452BE4C74A000B85E9 /* Embed Foundation Extensions */,
				F8334D852BE4E322000B85E9 /* Embed ExtensionKit Extensions */,
			);
			buildRules = (
			);
			dependencies = (
				F8334D432BE4C74A000B85E9 /* PBXTargetDependency */,
			);
			name = PpuDaeSik;
			packageProductDependencies = (
			);
			productName = PpuDaeSik;
			productReference = F88F35D22B43FC6500BEA743 /* PpuDaeSik.app */;
			productType = "com.apple.product-type.application";
		};
/* End PBXNativeTarget section */

/* Begin PBXProject section */
		F88F35CA2B43FC6500BEA743 /* Project object */ = {
			isa = PBXProject;
			attributes = {
				BuildIndependentTargetsInParallel = 1;
				LastSwiftUpdateCheck = 1620;
				LastUpgradeCheck = 1510;
				TargetAttributes = {
					F8334D332BE4C749000B85E9 = {
						CreatedOnToolsVersion = 15.3;
					};
					F87FCC552D116CBF007B480D = {
						CreatedOnToolsVersion = 16.2;
						TestTargetID = F88F35D12B43FC6500BEA743;
					};
					F88F35D12B43FC6500BEA743 = {
						CreatedOnToolsVersion = 15.1;
					};
				};
			};
			buildConfigurationList = F88F35CD2B43FC6500BEA743 /* Build configuration list for PBXProject "PpuDaeSik" */;
			compatibilityVersion = "Xcode 14.0";
			developmentRegion = ko;
			hasScannedForEncodings = 0;
			knownRegions = (
				en,
				Base,
				ko,
			);
			mainGroup = F88F35C92B43FC6500BEA743;
			packageReferences = (
			);
			productRefGroup = F88F35D32B43FC6500BEA743 /* Products */;
			projectDirPath = "";
			projectRoot = "";
			targets = (
				F88F35D12B43FC6500BEA743 /* PpuDaeSik */,
				F8334D332BE4C749000B85E9 /* PpuDaeSikWidgetExtension */,
				F87FCC552D116CBF007B480D /* PpuDaeSikTests */,
			);
		};
/* End PBXProject section */

/* Begin PBXResourcesBuildPhase section */
		F8334D322BE4C749000B85E9 /* Resources */ = {
			isa = PBXResourcesBuildPhase;
			buildActionMask = 2147483647;
			files = (
				F8334D6F2BE4C9B1000B85E9 /* Assets.xcassets in Resources */,
			);
			runOnlyForDeploymentPostprocessing = 0;
		};
		F87FCC542D116CBF007B480D /* Resources */ = {
			isa = PBXResourcesBuildPhase;
			buildActionMask = 2147483647;
			files = (
			);
			runOnlyForDeploymentPostprocessing = 0;
		};
		F88F35D02B43FC6500BEA743 /* Resources */ = {
			isa = PBXResourcesBuildPhase;
			buildActionMask = 2147483647;
			files = (
				F88F35DD2B43FC6600BEA743 /* Preview Assets.xcassets in Resources */,
				F88F35EF2B44033400BEA743 /* Pretendard-Regular.otf in Resources */,
				F88F35DA2B43FC6600BEA743 /* Assets.xcassets in Resources */,
			);
			runOnlyForDeploymentPostprocessing = 0;
		};
/* End PBXResourcesBuildPhase section */

/* Begin PBXSourcesBuildPhase section */
		F8334D302BE4C749000B85E9 /* Sources */ = {
			isa = PBXSourcesBuildPhase;
			buildActionMask = 2147483647;
			files = (
				F818401B2CF46E5C007B9428 /* NotionAPIError.swift in Sources */,
				F818402C2CF47075007B9428 /* Provider.swift in Sources */,
				F818403A2CF48FE8007B9428 /* Category.swift in Sources */,
				F818401D2CF46EFD007B9428 /* SimpleEntry.swift in Sources */,
				F81840322CF4754A007B9428 /* Deployment.swift in Sources */,
				F818403D2CF49007007B9428 /* Ext+Color.swift in Sources */,
				F818401F2CF46F1F007B9428 /* ShortCutEntry.swift in Sources */,
				F81840172CF46DDB007B9428 /* NotionAPI.swift in Sources */,
				F8334D6B2BE4C968000B85E9 /* PpuDaeSikWidget.swift in Sources */,
				F81840452CF4925E007B9428 /* Ext+DateFormatter.swift in Sources */,
				F8334D6C2BE4C968000B85E9 /* PpuDaeSikWidgetBundle.swift in Sources */,
				F81840192CF46E07007B9428 /* NotionRequest.swift in Sources */,
				F81840262CF46FA6007B9428 /* PpuDaeSikWidgetEntryView.swift in Sources */,
				F81840342CF48F8E007B9428 /* Cafeteria.swift in Sources */,
				F81840282CF46FC4007B9428 /* PpuDaeSikShortCutWidgetEntryView.swift in Sources */,
				F8334D882BE4E85C000B85E9 /* PpuDaeSikWidget.intentdefinition in Sources */,
				F818403F2CF4902A007B9428 /* Ext+Calendar.swift in Sources */,
				F81840382CF48FE0007B9428 /* Campus.swift in Sources */,
				F818402A2CF47068007B9428 /* ShortCutProvider.swift in Sources */,
				F818402E2CF47390007B9428 /* NotionResponse.swift in Sources */,
				F81840362CF48FAE007B9428 /* CafeteriaResponse.swift in Sources */,
			);
			runOnlyForDeploymentPostprocessing = 0;
		};
		F87FCC522D116CBF007B480D /* Sources */ = {
			isa = PBXSourcesBuildPhase;
			buildActionMask = 2147483647;
			files = (
				F87FCC632D1170E4007B480D /* CategoryTests.swift in Sources */,
				F87FCC652D117939007B480D /* WeekTests.swift in Sources */,
			);
			runOnlyForDeploymentPostprocessing = 0;
		};
		F88F35CE2B43FC6500BEA743 /* Sources */ = {
			isa = PBXSourcesBuildPhase;
			buildActionMask = 2147483647;
			files = (
				F8045AD32CE3636800277BC7 /* AppEnvironment.swift in Sources */,
				F8045AF62CE5D4F500277BC7 /* BottomSheet.swift in Sources */,
				F81129522C41A74600F71C03 /* Ext+DateFormatter.swift in Sources */,
				F81129802C42E29B00F71C03 /* NotionResponse.swift in Sources */,
				F8183FFC2CF0A63D007B9428 /* NotionAPI.swift in Sources */,
				F811295E2C429FBE00F71C03 /* Category.swift in Sources */,
				F88F35F42B4434BE00BEA743 /* MainView.swift in Sources */,
				F874F2872C6CBA580025F1FE /* CafeteriaResponse.swift in Sources */,
				F8183FAD2CEF291A007B9428 /* MainViewHeader.swift in Sources */,
				F8183FA62CEF14A5007B9428 /* MenuContent.swift in Sources */,
				F8045AE52CE3676600277BC7 /* CafeteriaUseCases.swift in Sources */,
				F8183FAF2CEF4649007B9428 /* UserDataRepository.swift in Sources */,
				F820CBA92C70E5F7008694EC /* CafeteriaView.swift in Sources */,
				F8183FB72CF059EE007B9428 /* DefaultCampusRepository.swift in Sources */,
				F8183FB52CEF507B007B9428 /* BookmarkRepository.swift in Sources */,
				F874F2842C6B7AC20025F1FE /* Cafeteria.swift in Sources */,
				F811295C2C429FA800F71C03 /* WeekComponent.swift in Sources */,
				F8045AF42CE4A58800277BC7 /* WeekTab.swift in Sources */,
				F88F35E92B43FDF300BEA743 /* Ext+UIScreen.swift in Sources */,
				F8045ADC2CE363A200277BC7 /* CancelBag.swift in Sources */,
				F81840062CF30DFC007B9428 /* NotionAPIError.swift in Sources */,
				F811295A2C429F9B00F71C03 /* Campus.swift in Sources */,
				F8183FB92CF0718E007B9428 /* DefaultCampusService.swift in Sources */,
				F815E4162C77453C00D25149 /* LoadingView.swift in Sources */,
				F88F35EB2B43FFBE00BEA743 /* Ext+Color.swift in Sources */,
				F8334D9F2BE5F033000B85E9 /* Ext+Font.swift in Sources */,
				F820CBAB2C70EE2A008694EC /* CafeteriaHeader.swift in Sources */,
				F8045AE82CE3696100277BC7 /* NotionRepository.swift in Sources */,
				F8045ADE2CE363AB00277BC7 /* Loadable.swift in Sources */,
				F8045AD52CE3637600277BC7 /* DependencyInjector.swift in Sources */,
				F820CBA72C6FAD1E008694EC /* DayComponent.swift in Sources */,
				F8045AD82CE3638F00277BC7 /* AppState.swift in Sources */,
				F81840012CF3069E007B9428 /* NotionRequest.swift in Sources */,
				F8045AED2CE488B100277BC7 /* CampusTab.swift in Sources */,
				F8183FA42CEF14A0007B9428 /* MenuCell.swift in Sources */,
				F8045ADA2CE3639A00277BC7 /* Store.swift in Sources */,
				F80781712CF854C300E061E6 /* CacheRepository.swift in Sources */,
				F88F35D62B43FC6500BEA743 /* PpuDaeSikApp.swift in Sources */,
				F8183FFA2CF0A539007B9428 /* CafeteriaRepository.swift in Sources */,
				F8183FB12CEF4A72007B9428 /* BookmarkService.swift in Sources */,
				F81840082CF31529007B9428 /* Deployment.swift in Sources */,
				F81129552C41A80B00F71C03 /* Ext+Calendar.swift in Sources */,
			);
			runOnlyForDeploymentPostprocessing = 0;
		};
/* End PBXSourcesBuildPhase section */

/* Begin PBXTargetDependency section */
		F8334D432BE4C74A000B85E9 /* PBXTargetDependency */ = {
			isa = PBXTargetDependency;
			target = F8334D332BE4C749000B85E9 /* PpuDaeSikWidgetExtension */;
			targetProxy = F8334D422BE4C74A000B85E9 /* PBXContainerItemProxy */;
		};
		F87FCC5B2D116CBF007B480D /* PBXTargetDependency */ = {
			isa = PBXTargetDependency;
			target = F88F35D12B43FC6500BEA743 /* PpuDaeSik */;
			targetProxy = F87FCC5A2D116CBF007B480D /* PBXContainerItemProxy */;
		};
/* End PBXTargetDependency section */

/* Begin XCBuildConfiguration section */
		F8334D462BE4C74A000B85E9 /* Debug */ = {
			isa = XCBuildConfiguration;
			buildSettings = {
				ASSETCATALOG_COMPILER_GLOBAL_ACCENT_COLOR_NAME = AccentColor;
				ASSETCATALOG_COMPILER_WIDGET_BACKGROUND_COLOR_NAME = WidgetBackground;
				CODE_SIGN_STYLE = Automatic;
				CURRENT_PROJECT_VERSION = 1;
				DEVELOPMENT_TEAM = VA3J8597P8;
				GENERATE_INFOPLIST_FILE = YES;
				INFOPLIST_FILE = PpuDaeSikWidget/Resources/Info.plist;
				INFOPLIST_KEY_CFBundleDisplayName = PpuDaeSikWidget;
				INFOPLIST_KEY_NSHumanReadableCopyright = "";
				IPHONEOS_DEPLOYMENT_TARGET = 17.0;
				LD_RUNPATH_SEARCH_PATHS = (
					"$(inherited)",
					"@executable_path/Frameworks",
					"@executable_path/../../Frameworks",
				);
				MARKETING_VERSION = 1.8;
				PRODUCT_BUNDLE_IDENTIFIER = com.moro.PpuDaeSik.PpuDaeSikWidget;
				PRODUCT_NAME = "$(TARGET_NAME)";
				SKIP_INSTALL = YES;
				SWIFT_EMIT_LOC_STRINGS = YES;
				SWIFT_VERSION = 5.0;
				TARGETED_DEVICE_FAMILY = "1,2";
			};
			name = Debug;
		};
		F8334D472BE4C74A000B85E9 /* Release */ = {
			isa = XCBuildConfiguration;
			buildSettings = {
				ASSETCATALOG_COMPILER_GLOBAL_ACCENT_COLOR_NAME = AccentColor;
				ASSETCATALOG_COMPILER_WIDGET_BACKGROUND_COLOR_NAME = WidgetBackground;
				CODE_SIGN_STYLE = Automatic;
				CURRENT_PROJECT_VERSION = 1;
				DEVELOPMENT_TEAM = VA3J8597P8;
				GENERATE_INFOPLIST_FILE = YES;
				INFOPLIST_FILE = PpuDaeSikWidget/Resources/Info.plist;
				INFOPLIST_KEY_CFBundleDisplayName = PpuDaeSikWidget;
				INFOPLIST_KEY_NSHumanReadableCopyright = "";
				IPHONEOS_DEPLOYMENT_TARGET = 17.0;
				LD_RUNPATH_SEARCH_PATHS = (
					"$(inherited)",
					"@executable_path/Frameworks",
					"@executable_path/../../Frameworks",
				);
				MARKETING_VERSION = 1.8;
				PRODUCT_BUNDLE_IDENTIFIER = com.moro.PpuDaeSik.PpuDaeSikWidget;
				PRODUCT_NAME = "$(TARGET_NAME)";
				SKIP_INSTALL = YES;
				SWIFT_EMIT_LOC_STRINGS = YES;
				SWIFT_VERSION = 5.0;
				TARGETED_DEVICE_FAMILY = "1,2";
			};
			name = Release;
		};
		F87FCC5C2D116CBF007B480D /* Debug */ = {
			isa = XCBuildConfiguration;
			buildSettings = {
				BUNDLE_LOADER = "$(TEST_HOST)";
				CODE_SIGN_STYLE = Automatic;
				CURRENT_PROJECT_VERSION = 1;
				DEVELOPMENT_TEAM = VA3J8597P8;
				GENERATE_INFOPLIST_FILE = YES;
				IPHONEOS_DEPLOYMENT_TARGET = 17.6;
				MARKETING_VERSION = 1.0;
				PRODUCT_BUNDLE_IDENTIFIER = com.moro.PpuDaeSikTests;
				PRODUCT_NAME = "$(TARGET_NAME)";
				SWIFT_EMIT_LOC_STRINGS = NO;
				SWIFT_VERSION = 5.0;
				TARGETED_DEVICE_FAMILY = 1;
				TEST_HOST = "$(BUILT_PRODUCTS_DIR)/PpuDaeSik.app/$(BUNDLE_EXECUTABLE_FOLDER_PATH)/PpuDaeSik";
			};
			name = Debug;
		};
		F87FCC5D2D116CBF007B480D /* Release */ = {
			isa = XCBuildConfiguration;
			buildSettings = {
				BUNDLE_LOADER = "$(TEST_HOST)";
				CODE_SIGN_STYLE = Automatic;
				CURRENT_PROJECT_VERSION = 1;
				DEVELOPMENT_TEAM = VA3J8597P8;
				GENERATE_INFOPLIST_FILE = YES;
				IPHONEOS_DEPLOYMENT_TARGET = 17.6;
				MARKETING_VERSION = 1.0;
				PRODUCT_BUNDLE_IDENTIFIER = com.moro.PpuDaeSikTests;
				PRODUCT_NAME = "$(TARGET_NAME)";
				SWIFT_EMIT_LOC_STRINGS = NO;
				SWIFT_VERSION = 5.0;
				TARGETED_DEVICE_FAMILY = 1;
				TEST_HOST = "$(BUILT_PRODUCTS_DIR)/PpuDaeSik.app/$(BUNDLE_EXECUTABLE_FOLDER_PATH)/PpuDaeSik";
			};
			name = Release;
		};
		F88F35E32B43FC6600BEA743 /* Debug */ = {
			isa = XCBuildConfiguration;
			buildSettings = {
				ALWAYS_SEARCH_USER_PATHS = NO;
				ASSETCATALOG_COMPILER_GENERATE_SWIFT_ASSET_SYMBOL_EXTENSIONS = YES;
				CLANG_ANALYZER_NONNULL = YES;
				CLANG_ANALYZER_NUMBER_OBJECT_CONVERSION = YES_AGGRESSIVE;
				CLANG_CXX_LANGUAGE_STANDARD = "gnu++20";
				CLANG_ENABLE_MODULES = YES;
				CLANG_ENABLE_OBJC_ARC = YES;
				CLANG_ENABLE_OBJC_WEAK = YES;
				CLANG_WARN_BLOCK_CAPTURE_AUTORELEASING = YES;
				CLANG_WARN_BOOL_CONVERSION = YES;
				CLANG_WARN_COMMA = YES;
				CLANG_WARN_CONSTANT_CONVERSION = YES;
				CLANG_WARN_DEPRECATED_OBJC_IMPLEMENTATIONS = YES;
				CLANG_WARN_DIRECT_OBJC_ISA_USAGE = YES_ERROR;
				CLANG_WARN_DOCUMENTATION_COMMENTS = YES;
				CLANG_WARN_EMPTY_BODY = YES;
				CLANG_WARN_ENUM_CONVERSION = YES;
				CLANG_WARN_INFINITE_RECURSION = YES;
				CLANG_WARN_INT_CONVERSION = YES;
				CLANG_WARN_NON_LITERAL_NULL_CONVERSION = YES;
				CLANG_WARN_OBJC_IMPLICIT_RETAIN_SELF = YES;
				CLANG_WARN_OBJC_LITERAL_CONVERSION = YES;
				CLANG_WARN_OBJC_ROOT_CLASS = YES_ERROR;
				CLANG_WARN_QUOTED_INCLUDE_IN_FRAMEWORK_HEADER = YES;
				CLANG_WARN_RANGE_LOOP_ANALYSIS = YES;
				CLANG_WARN_STRICT_PROTOTYPES = YES;
				CLANG_WARN_SUSPICIOUS_MOVE = YES;
				CLANG_WARN_UNGUARDED_AVAILABILITY = YES_AGGRESSIVE;
				CLANG_WARN_UNREACHABLE_CODE = YES;
				CLANG_WARN__DUPLICATE_METHOD_MATCH = YES;
				COPY_PHASE_STRIP = NO;
				DEBUG_INFORMATION_FORMAT = dwarf;
				ENABLE_STRICT_OBJC_MSGSEND = YES;
				ENABLE_TESTABILITY = YES;
				ENABLE_USER_SCRIPT_SANDBOXING = YES;
				GCC_C_LANGUAGE_STANDARD = gnu17;
				GCC_DYNAMIC_NO_PIC = NO;
				GCC_NO_COMMON_BLOCKS = YES;
				GCC_OPTIMIZATION_LEVEL = 0;
				GCC_PREPROCESSOR_DEFINITIONS = (
					"DEBUG=1",
					"$(inherited)",
				);
				GCC_WARN_64_TO_32_BIT_CONVERSION = YES;
				GCC_WARN_ABOUT_RETURN_TYPE = YES_ERROR;
				GCC_WARN_UNDECLARED_SELECTOR = YES;
				GCC_WARN_UNINITIALIZED_AUTOS = YES_AGGRESSIVE;
				GCC_WARN_UNUSED_FUNCTION = YES;
				GCC_WARN_UNUSED_VARIABLE = YES;
				IPHONEOS_DEPLOYMENT_TARGET = 17.2;
				LOCALIZATION_PREFERS_STRING_CATALOGS = YES;
				MTL_ENABLE_DEBUG_INFO = INCLUDE_SOURCE;
				MTL_FAST_MATH = YES;
				ONLY_ACTIVE_ARCH = YES;
				SDKROOT = iphoneos;
				SWIFT_ACTIVE_COMPILATION_CONDITIONS = "DEBUG $(inherited)";
				SWIFT_OPTIMIZATION_LEVEL = "-Onone";
			};
			name = Debug;
		};
		F88F35E42B43FC6600BEA743 /* Release */ = {
			isa = XCBuildConfiguration;
			buildSettings = {
				ALWAYS_SEARCH_USER_PATHS = NO;
				ASSETCATALOG_COMPILER_GENERATE_SWIFT_ASSET_SYMBOL_EXTENSIONS = YES;
				CLANG_ANALYZER_NONNULL = YES;
				CLANG_ANALYZER_NUMBER_OBJECT_CONVERSION = YES_AGGRESSIVE;
				CLANG_CXX_LANGUAGE_STANDARD = "gnu++20";
				CLANG_ENABLE_MODULES = YES;
				CLANG_ENABLE_OBJC_ARC = YES;
				CLANG_ENABLE_OBJC_WEAK = YES;
				CLANG_WARN_BLOCK_CAPTURE_AUTORELEASING = YES;
				CLANG_WARN_BOOL_CONVERSION = YES;
				CLANG_WARN_COMMA = YES;
				CLANG_WARN_CONSTANT_CONVERSION = YES;
				CLANG_WARN_DEPRECATED_OBJC_IMPLEMENTATIONS = YES;
				CLANG_WARN_DIRECT_OBJC_ISA_USAGE = YES_ERROR;
				CLANG_WARN_DOCUMENTATION_COMMENTS = YES;
				CLANG_WARN_EMPTY_BODY = YES;
				CLANG_WARN_ENUM_CONVERSION = YES;
				CLANG_WARN_INFINITE_RECURSION = YES;
				CLANG_WARN_INT_CONVERSION = YES;
				CLANG_WARN_NON_LITERAL_NULL_CONVERSION = YES;
				CLANG_WARN_OBJC_IMPLICIT_RETAIN_SELF = YES;
				CLANG_WARN_OBJC_LITERAL_CONVERSION = YES;
				CLANG_WARN_OBJC_ROOT_CLASS = YES_ERROR;
				CLANG_WARN_QUOTED_INCLUDE_IN_FRAMEWORK_HEADER = YES;
				CLANG_WARN_RANGE_LOOP_ANALYSIS = YES;
				CLANG_WARN_STRICT_PROTOTYPES = YES;
				CLANG_WARN_SUSPICIOUS_MOVE = YES;
				CLANG_WARN_UNGUARDED_AVAILABILITY = YES_AGGRESSIVE;
				CLANG_WARN_UNREACHABLE_CODE = YES;
				CLANG_WARN__DUPLICATE_METHOD_MATCH = YES;
				COPY_PHASE_STRIP = NO;
				DEBUG_INFORMATION_FORMAT = "dwarf-with-dsym";
				ENABLE_NS_ASSERTIONS = NO;
				ENABLE_STRICT_OBJC_MSGSEND = YES;
				ENABLE_USER_SCRIPT_SANDBOXING = YES;
				GCC_C_LANGUAGE_STANDARD = gnu17;
				GCC_NO_COMMON_BLOCKS = YES;
				GCC_WARN_64_TO_32_BIT_CONVERSION = YES;
				GCC_WARN_ABOUT_RETURN_TYPE = YES_ERROR;
				GCC_WARN_UNDECLARED_SELECTOR = YES;
				GCC_WARN_UNINITIALIZED_AUTOS = YES_AGGRESSIVE;
				GCC_WARN_UNUSED_FUNCTION = YES;
				GCC_WARN_UNUSED_VARIABLE = YES;
				IPHONEOS_DEPLOYMENT_TARGET = 17.2;
				LOCALIZATION_PREFERS_STRING_CATALOGS = YES;
				MTL_ENABLE_DEBUG_INFO = NO;
				MTL_FAST_MATH = YES;
				SDKROOT = iphoneos;
				SWIFT_COMPILATION_MODE = wholemodule;
				VALIDATE_PRODUCT = YES;
			};
			name = Release;
		};
		F88F35E62B43FC6600BEA743 /* Debug */ = {
			isa = XCBuildConfiguration;
			buildSettings = {
				ASSETCATALOG_COMPILER_APPICON_NAME = AppIcon;
				ASSETCATALOG_COMPILER_GLOBAL_ACCENT_COLOR_NAME = AccentColor;
				ASSETCATALOG_COMPILER_INCLUDE_ALL_APPICON_ASSETS = NO;
				CODE_SIGN_STYLE = Automatic;
				CURRENT_PROJECT_VERSION = 1;
				DEVELOPMENT_ASSET_PATHS = "PpuDaeSik/Resources/Preview\\ Assets.xcassets";
				DEVELOPMENT_TEAM = VA3J8597P8;
				ENABLE_PREVIEWS = YES;
				GENERATE_INFOPLIST_FILE = YES;
				INFOPLIST_FILE = PpuDaeSik/Resources/Info.plist;
				INFOPLIST_KEY_CFBundleDisplayName = "뿌대식";
				INFOPLIST_KEY_LSApplicationCategoryType = "public.app-category.food-and-drink";
				INFOPLIST_KEY_UIApplicationSceneManifest_Generation = YES;
				INFOPLIST_KEY_UIApplicationSupportsIndirectInputEvents = YES;
				INFOPLIST_KEY_UILaunchScreen_Generation = YES;
				INFOPLIST_KEY_UISupportedInterfaceOrientations = UIInterfaceOrientationPortrait;
				IPHONEOS_DEPLOYMENT_TARGET = 17.0;
				LD_RUNPATH_SEARCH_PATHS = (
					"$(inherited)",
					"@executable_path/Frameworks",
				);
				MARKETING_VERSION = 1.8;
				PRODUCT_BUNDLE_IDENTIFIER = com.moro.PpuDaeSik;
				PRODUCT_NAME = "$(TARGET_NAME)";
				SUPPORTED_PLATFORMS = "iphoneos iphonesimulator";
				SUPPORTS_MACCATALYST = NO;
				SUPPORTS_MAC_DESIGNED_FOR_IPHONE_IPAD = NO;
				SWIFT_EMIT_LOC_STRINGS = YES;
				SWIFT_VERSION = 5.0;
				TARGETED_DEVICE_FAMILY = 1;
			};
			name = Debug;
		};
		F88F35E72B43FC6600BEA743 /* Release */ = {
			isa = XCBuildConfiguration;
			buildSettings = {
				ASSETCATALOG_COMPILER_APPICON_NAME = AppIcon;
				ASSETCATALOG_COMPILER_GLOBAL_ACCENT_COLOR_NAME = AccentColor;
				ASSETCATALOG_COMPILER_INCLUDE_ALL_APPICON_ASSETS = NO;
				CODE_SIGN_STYLE = Automatic;
				CURRENT_PROJECT_VERSION = 1;
				DEVELOPMENT_ASSET_PATHS = "PpuDaeSik/Resources/Preview\\ Assets.xcassets";
				DEVELOPMENT_TEAM = VA3J8597P8;
				ENABLE_PREVIEWS = YES;
				GENERATE_INFOPLIST_FILE = YES;
				INFOPLIST_FILE = PpuDaeSik/Resources/Info.plist;
				INFOPLIST_KEY_CFBundleDisplayName = "뿌대식";
				INFOPLIST_KEY_LSApplicationCategoryType = "public.app-category.food-and-drink";
				INFOPLIST_KEY_UIApplicationSceneManifest_Generation = YES;
				INFOPLIST_KEY_UIApplicationSupportsIndirectInputEvents = YES;
				INFOPLIST_KEY_UILaunchScreen_Generation = YES;
				INFOPLIST_KEY_UISupportedInterfaceOrientations = UIInterfaceOrientationPortrait;
				IPHONEOS_DEPLOYMENT_TARGET = 17.0;
				LD_RUNPATH_SEARCH_PATHS = (
					"$(inherited)",
					"@executable_path/Frameworks",
				);
				MARKETING_VERSION = 1.8;
				PRODUCT_BUNDLE_IDENTIFIER = com.moro.PpuDaeSik;
				PRODUCT_NAME = "$(TARGET_NAME)";
				SUPPORTED_PLATFORMS = "iphoneos iphonesimulator";
				SUPPORTS_MACCATALYST = NO;
				SUPPORTS_MAC_DESIGNED_FOR_IPHONE_IPAD = NO;
				SWIFT_EMIT_LOC_STRINGS = YES;
				SWIFT_VERSION = 5.0;
				TARGETED_DEVICE_FAMILY = 1;
			};
			name = Release;
		};
/* End XCBuildConfiguration section */

/* Begin XCConfigurationList section */
		F8334D482BE4C74A000B85E9 /* Build configuration list for PBXNativeTarget "PpuDaeSikWidgetExtension" */ = {
			isa = XCConfigurationList;
			buildConfigurations = (
				F8334D462BE4C74A000B85E9 /* Debug */,
				F8334D472BE4C74A000B85E9 /* Release */,
			);
			defaultConfigurationIsVisible = 0;
			defaultConfigurationName = Release;
		};
		F87FCC5E2D116CBF007B480D /* Build configuration list for PBXNativeTarget "PpuDaeSikTests" */ = {
			isa = XCConfigurationList;
			buildConfigurations = (
				F87FCC5C2D116CBF007B480D /* Debug */,
				F87FCC5D2D116CBF007B480D /* Release */,
			);
			defaultConfigurationIsVisible = 0;
			defaultConfigurationName = Release;
		};
		F88F35CD2B43FC6500BEA743 /* Build configuration list for PBXProject "PpuDaeSik" */ = {
			isa = XCConfigurationList;
			buildConfigurations = (
				F88F35E32B43FC6600BEA743 /* Debug */,
				F88F35E42B43FC6600BEA743 /* Release */,
			);
			defaultConfigurationIsVisible = 0;
			defaultConfigurationName = Release;
		};
		F88F35E52B43FC6600BEA743 /* Build configuration list for PBXNativeTarget "PpuDaeSik" */ = {
			isa = XCConfigurationList;
			buildConfigurations = (
				F88F35E62B43FC6600BEA743 /* Debug */,
				F88F35E72B43FC6600BEA743 /* Release */,
			);
			defaultConfigurationIsVisible = 0;
			defaultConfigurationName = Release;
		};
/* End XCConfigurationList section */
	};
	rootObject = F88F35CA2B43FC6500BEA743 /* Project object */;
}
